// !$*UTF8*$!
{
	archiveVersion = 1;
	classes = {
	};
	objectVersion = 51;
	objects = {

/* Begin PBXBuildFile section */
		35C9973F7D3EC31F584F826E /* Pods_ERP.framework in Frameworks */ = {isa = PBXBuildFile; fileRef = 10F066E21518448EF434745D /* Pods_ERP.framework */; };
		5E3F863A23F55D400044C587 /* AttributedTextFactory.swift in Sources */ = {isa = PBXBuildFile; fileRef = 5E3F863923F55D400044C587 /* AttributedTextFactory.swift */; };
		5E3F863C23F572050044C587 /* GradientFactory.swift in Sources */ = {isa = PBXBuildFile; fileRef = 5E3F863B23F572050044C587 /* GradientFactory.swift */; };
		5E3F863E23F595D20044C587 /* LogoutRouter.swift in Sources */ = {isa = PBXBuildFile; fileRef = 5E3F863D23F595D20044C587 /* LogoutRouter.swift */; };
		5E3F864123F6E9AD0044C587 /* AppearAnimatable.swift in Sources */ = {isa = PBXBuildFile; fileRef = 5E3F864023F6E9AD0044C587 /* AppearAnimatable.swift */; };
		5E3F864423FAAC950044C587 /* NavigationController.swift in Sources */ = {isa = PBXBuildFile; fileRef = 5E3F864323FAAC950044C587 /* NavigationController.swift */; };
		5E3F864823FAAE6B0044C587 /* TabbarController.swift in Sources */ = {isa = PBXBuildFile; fileRef = 5E3F864523FAAE6B0044C587 /* TabbarController.swift */; };
		5E3F864923FAAE6B0044C587 /* TabbarPresenter.swift in Sources */ = {isa = PBXBuildFile; fileRef = 5E3F864623FAAE6B0044C587 /* TabbarPresenter.swift */; };
		5E3F864A23FAAE6B0044C587 /* TabbarRouter.swift in Sources */ = {isa = PBXBuildFile; fileRef = 5E3F864723FAAE6B0044C587 /* TabbarRouter.swift */; };
		5E3F865323FABFC30044C587 /* CollectionViewLayoutsFactory.swift in Sources */ = {isa = PBXBuildFile; fileRef = 5E3F864C23FABFC30044C587 /* CollectionViewLayoutsFactory.swift */; };
		5E3F865523FABFC30044C587 /* TabbarItemsFactory.swift in Sources */ = {isa = PBXBuildFile; fileRef = 5E3F865023FABFC30044C587 /* TabbarItemsFactory.swift */; };
		5E3F865623FABFC30044C587 /* BarButtonItemsFactory.swift in Sources */ = {isa = PBXBuildFile; fileRef = 5E3F865223FABFC30044C587 /* BarButtonItemsFactory.swift */; };
		5E4DF81E23F43F8E001BA78F /* Colors.xcassets in Resources */ = {isa = PBXBuildFile; fileRef = 5E4DF80123F43F8E001BA78F /* Colors.xcassets */; };
		5E4DF81F23F43F8E001BA78F /* Localizable.strings in Resources */ = {isa = PBXBuildFile; fileRef = 5E4DF80223F43F8E001BA78F /* Localizable.strings */; };
		5E4DF82023F43F8E001BA78F /* Assets.xcassets in Resources */ = {isa = PBXBuildFile; fileRef = 5E4DF80423F43F8E001BA78F /* Assets.xcassets */; };
		5E4DF82123F43F8E001BA78F /* LaunchScreen.storyboard in Resources */ = {isa = PBXBuildFile; fileRef = 5E4DF80523F43F8E001BA78F /* LaunchScreen.storyboard */; };
		5E4DF82223F43F8E001BA78F /* TrendSansOne-Italic.otf in Resources */ = {isa = PBXBuildFile; fileRef = 5E4DF80A23F43F8E001BA78F /* TrendSansOne-Italic.otf */; };
		5E4DF82323F43F8E001BA78F /* TrendSans-One.otf in Resources */ = {isa = PBXBuildFile; fileRef = 5E4DF80B23F43F8E001BA78F /* TrendSans-One.otf */; };
		5E4DF82423F43F8E001BA78F /* AvenirNextCyr-ThinItalic.ttf in Resources */ = {isa = PBXBuildFile; fileRef = 5E4DF80D23F43F8E001BA78F /* AvenirNextCyr-ThinItalic.ttf */; };
		5E4DF82523F43F8E001BA78F /* AvenirNextCyr-Regular.ttf in Resources */ = {isa = PBXBuildFile; fileRef = 5E4DF80E23F43F8E001BA78F /* AvenirNextCyr-Regular.ttf */; };
		5E4DF82623F43F8E001BA78F /* AvenirNextCyr-BoldItalic.ttf in Resources */ = {isa = PBXBuildFile; fileRef = 5E4DF80F23F43F8E001BA78F /* AvenirNextCyr-BoldItalic.ttf */; };
		5E4DF82723F43F8E001BA78F /* AvenirNextCyr-MediumItalic.ttf in Resources */ = {isa = PBXBuildFile; fileRef = 5E4DF81023F43F8E001BA78F /* AvenirNextCyr-MediumItalic.ttf */; };
		5E4DF82823F43F8E001BA78F /* AvenirNextCyr-Light.ttf in Resources */ = {isa = PBXBuildFile; fileRef = 5E4DF81123F43F8E001BA78F /* AvenirNextCyr-Light.ttf */; };
		5E4DF82923F43F8E001BA78F /* AvenirNextCyr-UltraLight.ttf in Resources */ = {isa = PBXBuildFile; fileRef = 5E4DF81223F43F8E001BA78F /* AvenirNextCyr-UltraLight.ttf */; };
		5E4DF82A23F43F8E001BA78F /* AvenirNextCyr-Medium.ttf in Resources */ = {isa = PBXBuildFile; fileRef = 5E4DF81323F43F8E001BA78F /* AvenirNextCyr-Medium.ttf */; };
		5E4DF82B23F43F8E001BA78F /* AvenirNextCyr-Heavy.ttf in Resources */ = {isa = PBXBuildFile; fileRef = 5E4DF81423F43F8E001BA78F /* AvenirNextCyr-Heavy.ttf */; };
		5E4DF82C23F43F8E001BA78F /* AvenirNextCyr-LightItalic.ttf in Resources */ = {isa = PBXBuildFile; fileRef = 5E4DF81523F43F8E001BA78F /* AvenirNextCyr-LightItalic.ttf */; };
		5E4DF82D23F43F8E001BA78F /* AvenirNextCyr-HeavyItalic.ttf in Resources */ = {isa = PBXBuildFile; fileRef = 5E4DF81623F43F8E001BA78F /* AvenirNextCyr-HeavyItalic.ttf */; };
		5E4DF82E23F43F8E001BA78F /* AvenirNextCyr-Thin.ttf in Resources */ = {isa = PBXBuildFile; fileRef = 5E4DF81723F43F8E001BA78F /* AvenirNextCyr-Thin.ttf */; };
		5E4DF82F23F43F8E001BA78F /* AvenirNextCyr-Italic.ttf in Resources */ = {isa = PBXBuildFile; fileRef = 5E4DF81823F43F8E001BA78F /* AvenirNextCyr-Italic.ttf */; };
		5E4DF83023F43F8E001BA78F /* AvenirNextCyr-Bold.ttf in Resources */ = {isa = PBXBuildFile; fileRef = 5E4DF81923F43F8E001BA78F /* AvenirNextCyr-Bold.ttf */; };
		5E4DF83123F43F8E001BA78F /* AvenirNextCyr-UltraLightIt.ttf in Resources */ = {isa = PBXBuildFile; fileRef = 5E4DF81A23F43F8E001BA78F /* AvenirNextCyr-UltraLightIt.ttf */; };
		5E4DF83223F43F8E001BA78F /* AvenirNextCyr-DemiItalic.ttf in Resources */ = {isa = PBXBuildFile; fileRef = 5E4DF81B23F43F8E001BA78F /* AvenirNextCyr-DemiItalic.ttf */; };
		5E4DF83323F43F8E001BA78F /* AvenirNextCyr-Demi.ttf in Resources */ = {isa = PBXBuildFile; fileRef = 5E4DF81C23F43F8E001BA78F /* AvenirNextCyr-Demi.ttf */; };
		5E9F6D2423FACB890062F3BE /* AppRouterManageble.swift in Sources */ = {isa = PBXBuildFile; fileRef = 5E9F6D2323FACB890062F3BE /* AppRouterManageble.swift */; };
		5E9F6D2A23FAD5AF0062F3BE /* HomePresenter.swift in Sources */ = {isa = PBXBuildFile; fileRef = 5E9F6D2623FAD5AF0062F3BE /* HomePresenter.swift */; };
		5E9F6D2B23FAD5AF0062F3BE /* HomeRouter.swift in Sources */ = {isa = PBXBuildFile; fileRef = 5E9F6D2723FAD5AF0062F3BE /* HomeRouter.swift */; };
		5E9F6D2C23FAD5AF0062F3BE /* HomeViewController.swift in Sources */ = {isa = PBXBuildFile; fileRef = 5E9F6D2823FAD5AF0062F3BE /* HomeViewController.swift */; };
		5E9F6D2D23FAD5AF0062F3BE /* HomeViewController.xib in Resources */ = {isa = PBXBuildFile; fileRef = 5E9F6D2923FAD5AF0062F3BE /* HomeViewController.xib */; };
		5E9F6D2F23FAE9170062F3BE /* square-sans-serif-7.regular.ttf in Resources */ = {isa = PBXBuildFile; fileRef = 5E9F6D2E23FAE9170062F3BE /* square-sans-serif-7.regular.ttf */; };
		5E9F6D3423FBF0650062F3BE /* TimerCell.swift in Sources */ = {isa = PBXBuildFile; fileRef = 5E9F6D3223FBF0650062F3BE /* TimerCell.swift */; };
		5E9F6D3523FBF0650062F3BE /* TimerCell.xib in Resources */ = {isa = PBXBuildFile; fileRef = 5E9F6D3323FBF0650062F3BE /* TimerCell.xib */; };
		5E9F6D3923FBF0930062F3BE /* ProjectsCell.swift in Sources */ = {isa = PBXBuildFile; fileRef = 5E9F6D3723FBF0930062F3BE /* ProjectsCell.swift */; };
		5E9F6D3A23FBF0930062F3BE /* ProjectsCell.xib in Resources */ = {isa = PBXBuildFile; fileRef = 5E9F6D3823FBF0930062F3BE /* ProjectsCell.xib */; };
		5EAABDD223D5CB4B00AA3720 /* AppDelegate.swift in Sources */ = {isa = PBXBuildFile; fileRef = 5EAABDD123D5CB4B00AA3720 /* AppDelegate.swift */; };
		5EAABDEB23D5D34500AA3720 /* API.swift in Sources */ = {isa = PBXBuildFile; fileRef = 5EAABDEA23D5D34500AA3720 /* API.swift */; };
		5EAABDED23D5D35B00AA3720 /* Constants.swift in Sources */ = {isa = PBXBuildFile; fileRef = 5EAABDEC23D5D35B00AA3720 /* Constants.swift */; };
		5EAABDFC23D5E84000AA3720 /* SplashPresenter.swift in Sources */ = {isa = PBXBuildFile; fileRef = 5EAABDF823D5E84000AA3720 /* SplashPresenter.swift */; };
		5EAABDFD23D5E84000AA3720 /* SplashRouter.swift in Sources */ = {isa = PBXBuildFile; fileRef = 5EAABDF923D5E84000AA3720 /* SplashRouter.swift */; };
		5EAABDFE23D5E84000AA3720 /* SplashViewController.swift in Sources */ = {isa = PBXBuildFile; fileRef = 5EAABDFA23D5E84000AA3720 /* SplashViewController.swift */; };
		5EAABDFF23D5E84000AA3720 /* SplashViewController.xib in Resources */ = {isa = PBXBuildFile; fileRef = 5EAABDFB23D5E84000AA3720 /* SplashViewController.xib */; };
		5EAABE0723D6088D00AA3720 /* Localization.swift in Sources */ = {isa = PBXBuildFile; fileRef = 5EAABE0423D6088D00AA3720 /* Localization.swift */; };
		5EAABE0823D6088D00AA3720 /* Assets.swift in Sources */ = {isa = PBXBuildFile; fileRef = 5EAABE0523D6088D00AA3720 /* Assets.swift */; };
		5EAABE0923D6088D00AA3720 /* Fonts.swift in Sources */ = {isa = PBXBuildFile; fileRef = 5EAABE0623D6088D00AA3720 /* Fonts.swift */; };
		5EAABE1E23D609F200AA3720 /* UIStackView+ContentPositioning.swift in Sources */ = {isa = PBXBuildFile; fileRef = 5EAABE0B23D609F200AA3720 /* UIStackView+ContentPositioning.swift */; };
		5EAABE1F23D609F200AA3720 /* UIWindow+Transitions.swift in Sources */ = {isa = PBXBuildFile; fileRef = 5EAABE0D23D609F200AA3720 /* UIWindow+Transitions.swift */; };
		5EAABE2023D609F200AA3720 /* UIViewController+ContentInserting.swift in Sources */ = {isa = PBXBuildFile; fileRef = 5EAABE0F23D609F200AA3720 /* UIViewController+ContentInserting.swift */; };
		5EAABE2223D609F200AA3720 /* UIView+Animations.swift in Sources */ = {isa = PBXBuildFile; fileRef = 5EAABE1223D609F200AA3720 /* UIView+Animations.swift */; };
		5EAABE2323D609F200AA3720 /* UIView+Utils.swift in Sources */ = {isa = PBXBuildFile; fileRef = 5EAABE1323D609F200AA3720 /* UIView+Utils.swift */; };
		5EAABE2423D609F200AA3720 /* UIView+IBDesignable.swift in Sources */ = {isa = PBXBuildFile; fileRef = 5EAABE1423D609F200AA3720 /* UIView+IBDesignable.swift */; };
		5EAABE2523D609F200AA3720 /* UIButton+Disable.swift in Sources */ = {isa = PBXBuildFile; fileRef = 5EAABE1623D609F200AA3720 /* UIButton+Disable.swift */; };
		5EAABE2623D609F200AA3720 /* UIBarButtonItem+Initialization.swift in Sources */ = {isa = PBXBuildFile; fileRef = 5EAABE1823D609F200AA3720 /* UIBarButtonItem+Initialization.swift */; };
		5EAABE2723D609F200AA3720 /* Date+StringDescription.swift in Sources */ = {isa = PBXBuildFile; fileRef = 5EAABE1A23D609F200AA3720 /* Date+StringDescription.swift */; };
		5EAABE2823D609F200AA3720 /* String+Localization.swift in Sources */ = {isa = PBXBuildFile; fileRef = 5EAABE1C23D609F200AA3720 /* String+Localization.swift */; };
		5EAABE2923D609F200AA3720 /* ValidatedString.swift in Sources */ = {isa = PBXBuildFile; fileRef = 5EAABE1D23D609F200AA3720 /* ValidatedString.swift */; };
		5EAABE3023D60B8C00AA3720 /* ListViewInteracting.swift in Sources */ = {isa = PBXBuildFile; fileRef = 5EAABE2B23D60B8C00AA3720 /* ListViewInteracting.swift */; };
		5EAABE3123D60B8C00AA3720 /* Selectable.swift in Sources */ = {isa = PBXBuildFile; fileRef = 5EAABE2C23D60B8C00AA3720 /* Selectable.swift */; };
		5EAABE3223D60B8C00AA3720 /* ConfigurableCell.swift in Sources */ = {isa = PBXBuildFile; fileRef = 5EAABE2D23D60B8C00AA3720 /* ConfigurableCell.swift */; };
		5EAABE3323D60B8C00AA3720 /* ReusableCell.swift in Sources */ = {isa = PBXBuildFile; fileRef = 5EAABE2E23D60B8C00AA3720 /* ReusableCell.swift */; };
		5EAABE3423D60B8C00AA3720 /* Activatable.swift in Sources */ = {isa = PBXBuildFile; fileRef = 5EAABE2F23D60B8C00AA3720 /* Activatable.swift */; };
		5EBBF35623E860210051C757 /* SocketService.swift in Sources */ = {isa = PBXBuildFile; fileRef = 5EBBF35523E860210051C757 /* SocketService.swift */; };
		5EBBF35823E8608D0051C757 /* WebSocketMessageProtocol.swift in Sources */ = {isa = PBXBuildFile; fileRef = 5EBBF35723E8608D0051C757 /* WebSocketMessageProtocol.swift */; };
		5EE488A223FC21F0001170B1 /* TickingTimebombBB_ital.ttf in Resources */ = {isa = PBXBuildFile; fileRef = 5EE488A023FC21F0001170B1 /* TickingTimebombBB_ital.ttf */; };
		5EE488A323FC21F0001170B1 /* TickingTimebombBB.ttf in Resources */ = {isa = PBXBuildFile; fileRef = 5EE488A123FC21F0001170B1 /* TickingTimebombBB.ttf */; };
		5EE488A623FC3448001170B1 /* HomepageService.swift in Sources */ = {isa = PBXBuildFile; fileRef = 5EE488A523FC3448001170B1 /* HomepageService.swift */; };
		5EE488A823FC40D0001170B1 /* HomepageDatasource.swift in Sources */ = {isa = PBXBuildFile; fileRef = 5EE488A723FC40D0001170B1 /* HomepageDatasource.swift */; };
		5EEA7A9B23D8814900B4C73A /* NetworkService.swift in Sources */ = {isa = PBXBuildFile; fileRef = 5EEA7A5923D8814800B4C73A /* NetworkService.swift */; };
		5EEA7A9C23D8814900B4C73A /* AuthorizedNetworkingService.swift in Sources */ = {isa = PBXBuildFile; fileRef = 5EEA7A5A23D8814800B4C73A /* AuthorizedNetworkingService.swift */; };
		5EEA7A9D23D8814900B4C73A /* APIError.swift in Sources */ = {isa = PBXBuildFile; fileRef = 5EEA7A5C23D8814800B4C73A /* APIError.swift */; };
		5EEA7A9E23D8814900B4C73A /* APIRequestProtocol.swift in Sources */ = {isa = PBXBuildFile; fileRef = 5EEA7A5D23D8814800B4C73A /* APIRequestProtocol.swift */; };
		5EEA7A9F23D8814900B4C73A /* APIResponseProtocol.swift in Sources */ = {isa = PBXBuildFile; fileRef = 5EEA7A5E23D8814800B4C73A /* APIResponseProtocol.swift */; };
		5EEA7AA023D8814900B4C73A /* APIErrorParsing.swift in Sources */ = {isa = PBXBuildFile; fileRef = 5EEA7A5F23D8814800B4C73A /* APIErrorParsing.swift */; };
		5EEA7AA123D8814900B4C73A /* BackendError.swift in Sources */ = {isa = PBXBuildFile; fileRef = 5EEA7A6023D8814800B4C73A /* BackendError.swift */; };
		5EEA7AB223D8814900B4C73A /* RefreshTokenRequest.swift in Sources */ = {isa = PBXBuildFile; fileRef = 5EEA7A7A23D8814900B4C73A /* RefreshTokenRequest.swift */; };
		5EEA7AB323D8814900B4C73A /* RefreshTokenResponse.swift in Sources */ = {isa = PBXBuildFile; fileRef = 5EEA7A7B23D8814900B4C73A /* RefreshTokenResponse.swift */; };
		5EEA7AB923D8814900B4C73A /* LoginRequest.swift in Sources */ = {isa = PBXBuildFile; fileRef = 5EEA7A8523D8814900B4C73A /* LoginRequest.swift */; };
		5EEA7ABA23D8814900B4C73A /* LoginResponse.swift in Sources */ = {isa = PBXBuildFile; fileRef = 5EEA7A8623D8814900B4C73A /* LoginResponse.swift */; };
		5EEA7ABD23D8814900B4C73A /* AuthorizationStateRouter.swift in Sources */ = {isa = PBXBuildFile; fileRef = 5EEA7A8B23D8814900B4C73A /* AuthorizationStateRouter.swift */; };
		5EEA7ABF23D8814900B4C73A /* APIErrorParser.swift in Sources */ = {isa = PBXBuildFile; fileRef = 5EEA7A8D23D8814900B4C73A /* APIErrorParser.swift */; };
		5EEA7AC023D8814900B4C73A /* UserDefaultsService.swift in Sources */ = {isa = PBXBuildFile; fileRef = 5EEA7A8E23D8814900B4C73A /* UserDefaultsService.swift */; };
		5EEA7AC123D8814900B4C73A /* ServicesFactory.swift in Sources */ = {isa = PBXBuildFile; fileRef = 5EEA7A8F23D8814900B4C73A /* ServicesFactory.swift */; };
		5EEA7AC223D8814900B4C73A /* KeychainService.swift in Sources */ = {isa = PBXBuildFile; fileRef = 5EEA7A9023D8814900B4C73A /* KeychainService.swift */; };
		5EEA7AC823D8814900B4C73A /* AuthorizationService.swift in Sources */ = {isa = PBXBuildFile; fileRef = 5EEA7A9623D8814900B4C73A /* AuthorizationService.swift */; };
		5EEA7AC923D8814900B4C73A /* TokenProvider.swift in Sources */ = {isa = PBXBuildFile; fileRef = 5EEA7A9723D8814900B4C73A /* TokenProvider.swift */; };
		5EEA7ACA23D8814900B4C73A /* ModulesFactory.swift in Sources */ = {isa = PBXBuildFile; fileRef = 5EEA7A9923D8814900B4C73A /* ModulesFactory.swift */; };
		5EEA7ACB23D8814900B4C73A /* Module.swift in Sources */ = {isa = PBXBuildFile; fileRef = 5EEA7A9A23D8814900B4C73A /* Module.swift */; };
		5EEA7ACE23D8816200B4C73A /* AppRouter.swift in Sources */ = {isa = PBXBuildFile; fileRef = 5EEA7ACC23D8816200B4C73A /* AppRouter.swift */; };
		5EEA7AD423D8889D00B4C73A /* HTTPStatusCodes.swift in Sources */ = {isa = PBXBuildFile; fileRef = 5EEA7AD123D8889D00B4C73A /* HTTPStatusCodes.swift */; };
		5EEA7AD623D8889D00B4C73A /* MappableTransforms.swift in Sources */ = {isa = PBXBuildFile; fileRef = 5EEA7AD323D8889D00B4C73A /* MappableTransforms.swift */; };
		5EEA7AD823D8895600B4C73A /* Token.swift in Sources */ = {isa = PBXBuildFile; fileRef = 5EEA7AD723D8895600B4C73A /* Token.swift */; };
		5EEA7AE323D8A08300B4C73A /* LoginViewController.swift in Sources */ = {isa = PBXBuildFile; fileRef = 5EEA7ADA23D8A08300B4C73A /* LoginViewController.swift */; };
		5EEA7AE423D8A08300B4C73A /* LoginFailurePresenter.swift in Sources */ = {isa = PBXBuildFile; fileRef = 5EEA7ADC23D8A08300B4C73A /* LoginFailurePresenter.swift */; };
		5EEA7AE523D8A08300B4C73A /* LoginFailureViewController.swift in Sources */ = {isa = PBXBuildFile; fileRef = 5EEA7ADD23D8A08300B4C73A /* LoginFailureViewController.swift */; };
		5EEA7AE623D8A08300B4C73A /* LoginFailureViewController.xib in Resources */ = {isa = PBXBuildFile; fileRef = 5EEA7ADE23D8A08300B4C73A /* LoginFailureViewController.xib */; };
		5EEA7AE723D8A08300B4C73A /* LoginFailureRouter.swift in Sources */ = {isa = PBXBuildFile; fileRef = 5EEA7ADF23D8A08300B4C73A /* LoginFailureRouter.swift */; };
		5EEA7AE823D8A08300B4C73A /* LoginRouter.swift in Sources */ = {isa = PBXBuildFile; fileRef = 5EEA7AE023D8A08300B4C73A /* LoginRouter.swift */; };
		5EEA7AE923D8A08300B4C73A /* LoginViewController.xib in Resources */ = {isa = PBXBuildFile; fileRef = 5EEA7AE123D8A08300B4C73A /* LoginViewController.xib */; };
		5EEA7AEA23D8A08300B4C73A /* LoginPresenter.swift in Sources */ = {isa = PBXBuildFile; fileRef = 5EEA7AE223D8A08300B4C73A /* LoginPresenter.swift */; };
		5EEA7AF323D8A1F500B4C73A /* ViewLifecycle.swift in Sources */ = {isa = PBXBuildFile; fileRef = 5EEA7AEB23D8A1F400B4C73A /* ViewLifecycle.swift */; };
		5EEA7AF623D8A1F500B4C73A /* LinkOpenable.swift in Sources */ = {isa = PBXBuildFile; fileRef = 5EEA7AEF23D8A1F400B4C73A /* LinkOpenable.swift */; };
		5EEA7AF723D8A1F500B4C73A /* ClosableRouter.swift in Sources */ = {isa = PBXBuildFile; fileRef = 5EEA7AF023D8A1F400B4C73A /* ClosableRouter.swift */; };
		5EEA7AF923D8A1F500B4C73A /* Identifiable.swift in Sources */ = {isa = PBXBuildFile; fileRef = 5EEA7AF223D8A1F400B4C73A /* Identifiable.swift */; };
		5EEA7AFF23D8A59900B4C73A /* Password.swift in Sources */ = {isa = PBXBuildFile; fileRef = 5EEA7AFC23D8A59900B4C73A /* Password.swift */; };
		5EEA7B0023D8A59900B4C73A /* Email.swift in Sources */ = {isa = PBXBuildFile; fileRef = 5EEA7AFE23D8A59900B4C73A /* Email.swift */; };
		5EEA7B0823D9A5D000B4C73A /* ResetPasswordPresenter.swift in Sources */ = {isa = PBXBuildFile; fileRef = 5EEA7B0423D9A5D000B4C73A /* ResetPasswordPresenter.swift */; };
		5EEA7B0923D9A5D000B4C73A /* ResetPasswordRouter.swift in Sources */ = {isa = PBXBuildFile; fileRef = 5EEA7B0523D9A5D000B4C73A /* ResetPasswordRouter.swift */; };
		5EEA7B0A23D9A5D000B4C73A /* ResetPasswordViewController.swift in Sources */ = {isa = PBXBuildFile; fileRef = 5EEA7B0623D9A5D000B4C73A /* ResetPasswordViewController.swift */; };
		5EEA7B0B23D9A5D000B4C73A /* ResetPasswordViewController.xib in Resources */ = {isa = PBXBuildFile; fileRef = 5EEA7B0723D9A5D000B4C73A /* ResetPasswordViewController.xib */; };
/* End PBXBuildFile section */

/* Begin PBXFileReference section */
		10F066E21518448EF434745D /* Pods_ERP.framework */ = {isa = PBXFileReference; explicitFileType = wrapper.framework; includeInIndex = 0; path = Pods_ERP.framework; sourceTree = BUILT_PRODUCTS_DIR; };
		50AD35F28CA8BE09FE3E1058 /* Pods-ERP.release.xcconfig */ = {isa = PBXFileReference; includeInIndex = 1; lastKnownFileType = text.xcconfig; name = "Pods-ERP.release.xcconfig"; path = "Target Support Files/Pods-ERP/Pods-ERP.release.xcconfig"; sourceTree = "<group>"; };
		5E3F863923F55D400044C587 /* AttributedTextFactory.swift */ = {isa = PBXFileReference; lastKnownFileType = sourcecode.swift; path = AttributedTextFactory.swift; sourceTree = "<group>"; };
		5E3F863B23F572050044C587 /* GradientFactory.swift */ = {isa = PBXFileReference; lastKnownFileType = sourcecode.swift; path = GradientFactory.swift; sourceTree = "<group>"; };
		5E3F863D23F595D20044C587 /* LogoutRouter.swift */ = {isa = PBXFileReference; lastKnownFileType = sourcecode.swift; path = LogoutRouter.swift; sourceTree = "<group>"; };
		5E3F864023F6E9AD0044C587 /* AppearAnimatable.swift */ = {isa = PBXFileReference; lastKnownFileType = sourcecode.swift; path = AppearAnimatable.swift; sourceTree = "<group>"; };
		5E3F864323FAAC950044C587 /* NavigationController.swift */ = {isa = PBXFileReference; fileEncoding = 4; lastKnownFileType = sourcecode.swift; path = NavigationController.swift; sourceTree = "<group>"; };
		5E3F864523FAAE6B0044C587 /* TabbarController.swift */ = {isa = PBXFileReference; fileEncoding = 4; lastKnownFileType = sourcecode.swift; path = TabbarController.swift; sourceTree = "<group>"; };
		5E3F864623FAAE6B0044C587 /* TabbarPresenter.swift */ = {isa = PBXFileReference; fileEncoding = 4; lastKnownFileType = sourcecode.swift; path = TabbarPresenter.swift; sourceTree = "<group>"; };
		5E3F864723FAAE6B0044C587 /* TabbarRouter.swift */ = {isa = PBXFileReference; fileEncoding = 4; lastKnownFileType = sourcecode.swift; path = TabbarRouter.swift; sourceTree = "<group>"; };
		5E3F864C23FABFC30044C587 /* CollectionViewLayoutsFactory.swift */ = {isa = PBXFileReference; fileEncoding = 4; lastKnownFileType = sourcecode.swift; path = CollectionViewLayoutsFactory.swift; sourceTree = "<group>"; };
		5E3F865023FABFC30044C587 /* TabbarItemsFactory.swift */ = {isa = PBXFileReference; fileEncoding = 4; lastKnownFileType = sourcecode.swift; path = TabbarItemsFactory.swift; sourceTree = "<group>"; };
		5E3F865223FABFC30044C587 /* BarButtonItemsFactory.swift */ = {isa = PBXFileReference; fileEncoding = 4; lastKnownFileType = sourcecode.swift; path = BarButtonItemsFactory.swift; sourceTree = "<group>"; };
		5E4DF80123F43F8E001BA78F /* Colors.xcassets */ = {isa = PBXFileReference; lastKnownFileType = folder.assetcatalog; path = Colors.xcassets; sourceTree = "<group>"; };
		5E4DF80323F43F8E001BA78F /* en */ = {isa = PBXFileReference; lastKnownFileType = text.plist.strings; name = en; path = en.lproj/Localizable.strings; sourceTree = "<group>"; };
		5E4DF80423F43F8E001BA78F /* Assets.xcassets */ = {isa = PBXFileReference; lastKnownFileType = folder.assetcatalog; path = Assets.xcassets; sourceTree = "<group>"; };
		5E4DF80623F43F8E001BA78F /* Base */ = {isa = PBXFileReference; lastKnownFileType = file.storyboard; name = Base; path = Base.lproj/LaunchScreen.storyboard; sourceTree = "<group>"; };
		5E4DF80723F43F8E001BA78F /* Base */ = {isa = PBXFileReference; lastKnownFileType = text.plist.strings; name = Base; path = Base.lproj/Localizable.strings; sourceTree = "<group>"; };
		5E4DF80A23F43F8E001BA78F /* TrendSansOne-Italic.otf */ = {isa = PBXFileReference; lastKnownFileType = file; path = "TrendSansOne-Italic.otf"; sourceTree = "<group>"; };
		5E4DF80B23F43F8E001BA78F /* TrendSans-One.otf */ = {isa = PBXFileReference; lastKnownFileType = file; path = "TrendSans-One.otf"; sourceTree = "<group>"; };
		5E4DF80D23F43F8E001BA78F /* AvenirNextCyr-ThinItalic.ttf */ = {isa = PBXFileReference; lastKnownFileType = file; path = "AvenirNextCyr-ThinItalic.ttf"; sourceTree = "<group>"; };
		5E4DF80E23F43F8E001BA78F /* AvenirNextCyr-Regular.ttf */ = {isa = PBXFileReference; lastKnownFileType = file; path = "AvenirNextCyr-Regular.ttf"; sourceTree = "<group>"; };
		5E4DF80F23F43F8E001BA78F /* AvenirNextCyr-BoldItalic.ttf */ = {isa = PBXFileReference; lastKnownFileType = file; path = "AvenirNextCyr-BoldItalic.ttf"; sourceTree = "<group>"; };
		5E4DF81023F43F8E001BA78F /* AvenirNextCyr-MediumItalic.ttf */ = {isa = PBXFileReference; lastKnownFileType = file; path = "AvenirNextCyr-MediumItalic.ttf"; sourceTree = "<group>"; };
		5E4DF81123F43F8E001BA78F /* AvenirNextCyr-Light.ttf */ = {isa = PBXFileReference; lastKnownFileType = file; path = "AvenirNextCyr-Light.ttf"; sourceTree = "<group>"; };
		5E4DF81223F43F8E001BA78F /* AvenirNextCyr-UltraLight.ttf */ = {isa = PBXFileReference; lastKnownFileType = file; path = "AvenirNextCyr-UltraLight.ttf"; sourceTree = "<group>"; };
		5E4DF81323F43F8E001BA78F /* AvenirNextCyr-Medium.ttf */ = {isa = PBXFileReference; lastKnownFileType = file; path = "AvenirNextCyr-Medium.ttf"; sourceTree = "<group>"; };
		5E4DF81423F43F8E001BA78F /* AvenirNextCyr-Heavy.ttf */ = {isa = PBXFileReference; lastKnownFileType = file; path = "AvenirNextCyr-Heavy.ttf"; sourceTree = "<group>"; };
		5E4DF81523F43F8E001BA78F /* AvenirNextCyr-LightItalic.ttf */ = {isa = PBXFileReference; lastKnownFileType = file; path = "AvenirNextCyr-LightItalic.ttf"; sourceTree = "<group>"; };
		5E4DF81623F43F8E001BA78F /* AvenirNextCyr-HeavyItalic.ttf */ = {isa = PBXFileReference; lastKnownFileType = file; path = "AvenirNextCyr-HeavyItalic.ttf"; sourceTree = "<group>"; };
		5E4DF81723F43F8E001BA78F /* AvenirNextCyr-Thin.ttf */ = {isa = PBXFileReference; lastKnownFileType = file; path = "AvenirNextCyr-Thin.ttf"; sourceTree = "<group>"; };
		5E4DF81823F43F8E001BA78F /* AvenirNextCyr-Italic.ttf */ = {isa = PBXFileReference; lastKnownFileType = file; path = "AvenirNextCyr-Italic.ttf"; sourceTree = "<group>"; };
		5E4DF81923F43F8E001BA78F /* AvenirNextCyr-Bold.ttf */ = {isa = PBXFileReference; lastKnownFileType = file; path = "AvenirNextCyr-Bold.ttf"; sourceTree = "<group>"; };
		5E4DF81A23F43F8E001BA78F /* AvenirNextCyr-UltraLightIt.ttf */ = {isa = PBXFileReference; lastKnownFileType = file; path = "AvenirNextCyr-UltraLightIt.ttf"; sourceTree = "<group>"; };
		5E4DF81B23F43F8E001BA78F /* AvenirNextCyr-DemiItalic.ttf */ = {isa = PBXFileReference; lastKnownFileType = file; path = "AvenirNextCyr-DemiItalic.ttf"; sourceTree = "<group>"; };
		5E4DF81C23F43F8E001BA78F /* AvenirNextCyr-Demi.ttf */ = {isa = PBXFileReference; lastKnownFileType = file; path = "AvenirNextCyr-Demi.ttf"; sourceTree = "<group>"; };
		5E5094F823F442F7002456B5 /* Info.plist */ = {isa = PBXFileReference; fileEncoding = 4; lastKnownFileType = text.plist.xml; path = Info.plist; sourceTree = "<group>"; };
		5E9F6D2323FACB890062F3BE /* AppRouterManageble.swift */ = {isa = PBXFileReference; lastKnownFileType = sourcecode.swift; path = AppRouterManageble.swift; sourceTree = "<group>"; };
		5E9F6D2623FAD5AF0062F3BE /* HomePresenter.swift */ = {isa = PBXFileReference; lastKnownFileType = sourcecode.swift; path = HomePresenter.swift; sourceTree = "<group>"; };
		5E9F6D2723FAD5AF0062F3BE /* HomeRouter.swift */ = {isa = PBXFileReference; lastKnownFileType = sourcecode.swift; path = HomeRouter.swift; sourceTree = "<group>"; };
		5E9F6D2823FAD5AF0062F3BE /* HomeViewController.swift */ = {isa = PBXFileReference; lastKnownFileType = sourcecode.swift; path = HomeViewController.swift; sourceTree = "<group>"; };
		5E9F6D2923FAD5AF0062F3BE /* HomeViewController.xib */ = {isa = PBXFileReference; lastKnownFileType = file.xib; path = HomeViewController.xib; sourceTree = "<group>"; };
		5E9F6D2E23FAE9170062F3BE /* square-sans-serif-7.regular.ttf */ = {isa = PBXFileReference; lastKnownFileType = file; path = "square-sans-serif-7.regular.ttf"; sourceTree = "<group>"; };
		5E9F6D3223FBF0650062F3BE /* TimerCell.swift */ = {isa = PBXFileReference; lastKnownFileType = sourcecode.swift; path = TimerCell.swift; sourceTree = "<group>"; };
		5E9F6D3323FBF0650062F3BE /* TimerCell.xib */ = {isa = PBXFileReference; lastKnownFileType = file.xib; path = TimerCell.xib; sourceTree = "<group>"; };
		5E9F6D3723FBF0930062F3BE /* ProjectsCell.swift */ = {isa = PBXFileReference; lastKnownFileType = sourcecode.swift; path = ProjectsCell.swift; sourceTree = "<group>"; };
		5E9F6D3823FBF0930062F3BE /* ProjectsCell.xib */ = {isa = PBXFileReference; lastKnownFileType = file.xib; path = ProjectsCell.xib; sourceTree = "<group>"; };
		5EAABDCE23D5CB4B00AA3720 /* TAS ERP.app */ = {isa = PBXFileReference; explicitFileType = wrapper.application; includeInIndex = 0; path = "TAS ERP.app"; sourceTree = BUILT_PRODUCTS_DIR; };
		5EAABDD123D5CB4B00AA3720 /* AppDelegate.swift */ = {isa = PBXFileReference; lastKnownFileType = sourcecode.swift; path = AppDelegate.swift; sourceTree = "<group>"; };
		5EAABDEA23D5D34500AA3720 /* API.swift */ = {isa = PBXFileReference; lastKnownFileType = sourcecode.swift; path = API.swift; sourceTree = "<group>"; };
		5EAABDEC23D5D35B00AA3720 /* Constants.swift */ = {isa = PBXFileReference; lastKnownFileType = sourcecode.swift; path = Constants.swift; sourceTree = "<group>"; };
		5EAABDF823D5E84000AA3720 /* SplashPresenter.swift */ = {isa = PBXFileReference; lastKnownFileType = sourcecode.swift; path = SplashPresenter.swift; sourceTree = "<group>"; };
		5EAABDF923D5E84000AA3720 /* SplashRouter.swift */ = {isa = PBXFileReference; lastKnownFileType = sourcecode.swift; path = SplashRouter.swift; sourceTree = "<group>"; };
		5EAABDFA23D5E84000AA3720 /* SplashViewController.swift */ = {isa = PBXFileReference; lastKnownFileType = sourcecode.swift; path = SplashViewController.swift; sourceTree = "<group>"; };
		5EAABDFB23D5E84000AA3720 /* SplashViewController.xib */ = {isa = PBXFileReference; lastKnownFileType = file.xib; path = SplashViewController.xib; sourceTree = "<group>"; };
		5EAABE0423D6088D00AA3720 /* Localization.swift */ = {isa = PBXFileReference; fileEncoding = 4; lastKnownFileType = sourcecode.swift; path = Localization.swift; sourceTree = "<group>"; };
		5EAABE0523D6088D00AA3720 /* Assets.swift */ = {isa = PBXFileReference; fileEncoding = 4; lastKnownFileType = sourcecode.swift; path = Assets.swift; sourceTree = "<group>"; };
		5EAABE0623D6088D00AA3720 /* Fonts.swift */ = {isa = PBXFileReference; fileEncoding = 4; lastKnownFileType = sourcecode.swift; path = Fonts.swift; sourceTree = "<group>"; };
		5EAABE0B23D609F200AA3720 /* UIStackView+ContentPositioning.swift */ = {isa = PBXFileReference; fileEncoding = 4; lastKnownFileType = sourcecode.swift; path = "UIStackView+ContentPositioning.swift"; sourceTree = "<group>"; };
		5EAABE0D23D609F200AA3720 /* UIWindow+Transitions.swift */ = {isa = PBXFileReference; fileEncoding = 4; lastKnownFileType = sourcecode.swift; path = "UIWindow+Transitions.swift"; sourceTree = "<group>"; };
		5EAABE0F23D609F200AA3720 /* UIViewController+ContentInserting.swift */ = {isa = PBXFileReference; fileEncoding = 4; lastKnownFileType = sourcecode.swift; path = "UIViewController+ContentInserting.swift"; sourceTree = "<group>"; };
		5EAABE1223D609F200AA3720 /* UIView+Animations.swift */ = {isa = PBXFileReference; fileEncoding = 4; lastKnownFileType = sourcecode.swift; path = "UIView+Animations.swift"; sourceTree = "<group>"; };
		5EAABE1323D609F200AA3720 /* UIView+Utils.swift */ = {isa = PBXFileReference; fileEncoding = 4; lastKnownFileType = sourcecode.swift; path = "UIView+Utils.swift"; sourceTree = "<group>"; };
		5EAABE1423D609F200AA3720 /* UIView+IBDesignable.swift */ = {isa = PBXFileReference; fileEncoding = 4; lastKnownFileType = sourcecode.swift; path = "UIView+IBDesignable.swift"; sourceTree = "<group>"; };
		5EAABE1623D609F200AA3720 /* UIButton+Disable.swift */ = {isa = PBXFileReference; fileEncoding = 4; lastKnownFileType = sourcecode.swift; path = "UIButton+Disable.swift"; sourceTree = "<group>"; };
		5EAABE1823D609F200AA3720 /* UIBarButtonItem+Initialization.swift */ = {isa = PBXFileReference; fileEncoding = 4; lastKnownFileType = sourcecode.swift; path = "UIBarButtonItem+Initialization.swift"; sourceTree = "<group>"; };
		5EAABE1A23D609F200AA3720 /* Date+StringDescription.swift */ = {isa = PBXFileReference; fileEncoding = 4; lastKnownFileType = sourcecode.swift; path = "Date+StringDescription.swift"; sourceTree = "<group>"; };
		5EAABE1C23D609F200AA3720 /* String+Localization.swift */ = {isa = PBXFileReference; fileEncoding = 4; lastKnownFileType = sourcecode.swift; path = "String+Localization.swift"; sourceTree = "<group>"; };
		5EAABE1D23D609F200AA3720 /* ValidatedString.swift */ = {isa = PBXFileReference; fileEncoding = 4; lastKnownFileType = sourcecode.swift; path = ValidatedString.swift; sourceTree = "<group>"; };
		5EAABE2B23D60B8C00AA3720 /* ListViewInteracting.swift */ = {isa = PBXFileReference; fileEncoding = 4; lastKnownFileType = sourcecode.swift; path = ListViewInteracting.swift; sourceTree = "<group>"; };
		5EAABE2C23D60B8C00AA3720 /* Selectable.swift */ = {isa = PBXFileReference; fileEncoding = 4; lastKnownFileType = sourcecode.swift; path = Selectable.swift; sourceTree = "<group>"; };
		5EAABE2D23D60B8C00AA3720 /* ConfigurableCell.swift */ = {isa = PBXFileReference; fileEncoding = 4; lastKnownFileType = sourcecode.swift; path = ConfigurableCell.swift; sourceTree = "<group>"; };
		5EAABE2E23D60B8C00AA3720 /* ReusableCell.swift */ = {isa = PBXFileReference; fileEncoding = 4; lastKnownFileType = sourcecode.swift; path = ReusableCell.swift; sourceTree = "<group>"; };
		5EAABE2F23D60B8C00AA3720 /* Activatable.swift */ = {isa = PBXFileReference; fileEncoding = 4; lastKnownFileType = sourcecode.swift; path = Activatable.swift; sourceTree = "<group>"; };
		5EBBF35523E860210051C757 /* SocketService.swift */ = {isa = PBXFileReference; fileEncoding = 4; lastKnownFileType = sourcecode.swift; path = SocketService.swift; sourceTree = "<group>"; };
		5EBBF35723E8608D0051C757 /* WebSocketMessageProtocol.swift */ = {isa = PBXFileReference; fileEncoding = 4; lastKnownFileType = sourcecode.swift; path = WebSocketMessageProtocol.swift; sourceTree = "<group>"; };
		5EE488A023FC21F0001170B1 /* TickingTimebombBB_ital.ttf */ = {isa = PBXFileReference; lastKnownFileType = file; path = TickingTimebombBB_ital.ttf; sourceTree = "<group>"; };
		5EE488A123FC21F0001170B1 /* TickingTimebombBB.ttf */ = {isa = PBXFileReference; lastKnownFileType = file; path = TickingTimebombBB.ttf; sourceTree = "<group>"; };
		5EE488A523FC3448001170B1 /* HomepageService.swift */ = {isa = PBXFileReference; lastKnownFileType = sourcecode.swift; path = HomepageService.swift; sourceTree = "<group>"; };
		5EE488A723FC40D0001170B1 /* HomepageDatasource.swift */ = {isa = PBXFileReference; lastKnownFileType = sourcecode.swift; path = HomepageDatasource.swift; sourceTree = "<group>"; };
		5EEA7A5923D8814800B4C73A /* NetworkService.swift */ = {isa = PBXFileReference; fileEncoding = 4; lastKnownFileType = sourcecode.swift; path = NetworkService.swift; sourceTree = "<group>"; };
		5EEA7A5A23D8814800B4C73A /* AuthorizedNetworkingService.swift */ = {isa = PBXFileReference; fileEncoding = 4; lastKnownFileType = sourcecode.swift; path = AuthorizedNetworkingService.swift; sourceTree = "<group>"; };
		5EEA7A5C23D8814800B4C73A /* APIError.swift */ = {isa = PBXFileReference; fileEncoding = 4; lastKnownFileType = sourcecode.swift; path = APIError.swift; sourceTree = "<group>"; };
		5EEA7A5D23D8814800B4C73A /* APIRequestProtocol.swift */ = {isa = PBXFileReference; fileEncoding = 4; lastKnownFileType = sourcecode.swift; path = APIRequestProtocol.swift; sourceTree = "<group>"; };
		5EEA7A5E23D8814800B4C73A /* APIResponseProtocol.swift */ = {isa = PBXFileReference; fileEncoding = 4; lastKnownFileType = sourcecode.swift; path = APIResponseProtocol.swift; sourceTree = "<group>"; };
		5EEA7A5F23D8814800B4C73A /* APIErrorParsing.swift */ = {isa = PBXFileReference; fileEncoding = 4; lastKnownFileType = sourcecode.swift; path = APIErrorParsing.swift; sourceTree = "<group>"; };
		5EEA7A6023D8814800B4C73A /* BackendError.swift */ = {isa = PBXFileReference; fileEncoding = 4; lastKnownFileType = sourcecode.swift; path = BackendError.swift; sourceTree = "<group>"; };
		5EEA7A7A23D8814900B4C73A /* RefreshTokenRequest.swift */ = {isa = PBXFileReference; fileEncoding = 4; lastKnownFileType = sourcecode.swift; path = RefreshTokenRequest.swift; sourceTree = "<group>"; };
		5EEA7A7B23D8814900B4C73A /* RefreshTokenResponse.swift */ = {isa = PBXFileReference; fileEncoding = 4; lastKnownFileType = sourcecode.swift; path = RefreshTokenResponse.swift; sourceTree = "<group>"; };
		5EEA7A8523D8814900B4C73A /* LoginRequest.swift */ = {isa = PBXFileReference; fileEncoding = 4; lastKnownFileType = sourcecode.swift; path = LoginRequest.swift; sourceTree = "<group>"; };
		5EEA7A8623D8814900B4C73A /* LoginResponse.swift */ = {isa = PBXFileReference; fileEncoding = 4; lastKnownFileType = sourcecode.swift; path = LoginResponse.swift; sourceTree = "<group>"; };
		5EEA7A8B23D8814900B4C73A /* AuthorizationStateRouter.swift */ = {isa = PBXFileReference; fileEncoding = 4; lastKnownFileType = sourcecode.swift; path = AuthorizationStateRouter.swift; sourceTree = "<group>"; };
		5EEA7A8D23D8814900B4C73A /* APIErrorParser.swift */ = {isa = PBXFileReference; fileEncoding = 4; lastKnownFileType = sourcecode.swift; path = APIErrorParser.swift; sourceTree = "<group>"; };
		5EEA7A8E23D8814900B4C73A /* UserDefaultsService.swift */ = {isa = PBXFileReference; fileEncoding = 4; lastKnownFileType = sourcecode.swift; path = UserDefaultsService.swift; sourceTree = "<group>"; };
		5EEA7A8F23D8814900B4C73A /* ServicesFactory.swift */ = {isa = PBXFileReference; fileEncoding = 4; lastKnownFileType = sourcecode.swift; path = ServicesFactory.swift; sourceTree = "<group>"; };
		5EEA7A9023D8814900B4C73A /* KeychainService.swift */ = {isa = PBXFileReference; fileEncoding = 4; lastKnownFileType = sourcecode.swift; path = KeychainService.swift; sourceTree = "<group>"; };
		5EEA7A9623D8814900B4C73A /* AuthorizationService.swift */ = {isa = PBXFileReference; fileEncoding = 4; lastKnownFileType = sourcecode.swift; path = AuthorizationService.swift; sourceTree = "<group>"; };
		5EEA7A9723D8814900B4C73A /* TokenProvider.swift */ = {isa = PBXFileReference; fileEncoding = 4; lastKnownFileType = sourcecode.swift; path = TokenProvider.swift; sourceTree = "<group>"; };
		5EEA7A9923D8814900B4C73A /* ModulesFactory.swift */ = {isa = PBXFileReference; fileEncoding = 4; lastKnownFileType = sourcecode.swift; path = ModulesFactory.swift; sourceTree = "<group>"; };
		5EEA7A9A23D8814900B4C73A /* Module.swift */ = {isa = PBXFileReference; fileEncoding = 4; lastKnownFileType = sourcecode.swift; path = Module.swift; sourceTree = "<group>"; };
		5EEA7ACC23D8816200B4C73A /* AppRouter.swift */ = {isa = PBXFileReference; fileEncoding = 4; lastKnownFileType = sourcecode.swift; path = AppRouter.swift; sourceTree = "<group>"; };
		5EEA7AD123D8889D00B4C73A /* HTTPStatusCodes.swift */ = {isa = PBXFileReference; fileEncoding = 4; lastKnownFileType = sourcecode.swift; path = HTTPStatusCodes.swift; sourceTree = "<group>"; };
		5EEA7AD323D8889D00B4C73A /* MappableTransforms.swift */ = {isa = PBXFileReference; fileEncoding = 4; lastKnownFileType = sourcecode.swift; path = MappableTransforms.swift; sourceTree = "<group>"; };
		5EEA7AD723D8895600B4C73A /* Token.swift */ = {isa = PBXFileReference; fileEncoding = 4; lastKnownFileType = sourcecode.swift; path = Token.swift; sourceTree = "<group>"; };
		5EEA7ADA23D8A08300B4C73A /* LoginViewController.swift */ = {isa = PBXFileReference; fileEncoding = 4; lastKnownFileType = sourcecode.swift; path = LoginViewController.swift; sourceTree = "<group>"; };
		5EEA7ADC23D8A08300B4C73A /* LoginFailurePresenter.swift */ = {isa = PBXFileReference; fileEncoding = 4; lastKnownFileType = sourcecode.swift; path = LoginFailurePresenter.swift; sourceTree = "<group>"; };
		5EEA7ADD23D8A08300B4C73A /* LoginFailureViewController.swift */ = {isa = PBXFileReference; fileEncoding = 4; lastKnownFileType = sourcecode.swift; path = LoginFailureViewController.swift; sourceTree = "<group>"; };
		5EEA7ADE23D8A08300B4C73A /* LoginFailureViewController.xib */ = {isa = PBXFileReference; fileEncoding = 4; lastKnownFileType = file.xib; path = LoginFailureViewController.xib; sourceTree = "<group>"; };
		5EEA7ADF23D8A08300B4C73A /* LoginFailureRouter.swift */ = {isa = PBXFileReference; fileEncoding = 4; lastKnownFileType = sourcecode.swift; path = LoginFailureRouter.swift; sourceTree = "<group>"; };
		5EEA7AE023D8A08300B4C73A /* LoginRouter.swift */ = {isa = PBXFileReference; fileEncoding = 4; lastKnownFileType = sourcecode.swift; path = LoginRouter.swift; sourceTree = "<group>"; };
		5EEA7AE123D8A08300B4C73A /* LoginViewController.xib */ = {isa = PBXFileReference; fileEncoding = 4; lastKnownFileType = file.xib; path = LoginViewController.xib; sourceTree = "<group>"; };
		5EEA7AE223D8A08300B4C73A /* LoginPresenter.swift */ = {isa = PBXFileReference; fileEncoding = 4; lastKnownFileType = sourcecode.swift; path = LoginPresenter.swift; sourceTree = "<group>"; };
		5EEA7AEB23D8A1F400B4C73A /* ViewLifecycle.swift */ = {isa = PBXFileReference; fileEncoding = 4; lastKnownFileType = sourcecode.swift; path = ViewLifecycle.swift; sourceTree = "<group>"; };
		5EEA7AEF23D8A1F400B4C73A /* LinkOpenable.swift */ = {isa = PBXFileReference; fileEncoding = 4; lastKnownFileType = sourcecode.swift; path = LinkOpenable.swift; sourceTree = "<group>"; };
		5EEA7AF023D8A1F400B4C73A /* ClosableRouter.swift */ = {isa = PBXFileReference; fileEncoding = 4; lastKnownFileType = sourcecode.swift; path = ClosableRouter.swift; sourceTree = "<group>"; };
		5EEA7AF223D8A1F400B4C73A /* Identifiable.swift */ = {isa = PBXFileReference; fileEncoding = 4; lastKnownFileType = sourcecode.swift; path = Identifiable.swift; sourceTree = "<group>"; };
		5EEA7AFC23D8A59900B4C73A /* Password.swift */ = {isa = PBXFileReference; fileEncoding = 4; lastKnownFileType = sourcecode.swift; path = Password.swift; sourceTree = "<group>"; };
		5EEA7AFE23D8A59900B4C73A /* Email.swift */ = {isa = PBXFileReference; fileEncoding = 4; lastKnownFileType = sourcecode.swift; path = Email.swift; sourceTree = "<group>"; };
		5EEA7B0423D9A5D000B4C73A /* ResetPasswordPresenter.swift */ = {isa = PBXFileReference; lastKnownFileType = sourcecode.swift; path = ResetPasswordPresenter.swift; sourceTree = "<group>"; };
		5EEA7B0523D9A5D000B4C73A /* ResetPasswordRouter.swift */ = {isa = PBXFileReference; lastKnownFileType = sourcecode.swift; path = ResetPasswordRouter.swift; sourceTree = "<group>"; };
		5EEA7B0623D9A5D000B4C73A /* ResetPasswordViewController.swift */ = {isa = PBXFileReference; lastKnownFileType = sourcecode.swift; path = ResetPasswordViewController.swift; sourceTree = "<group>"; };
		5EEA7B0723D9A5D000B4C73A /* ResetPasswordViewController.xib */ = {isa = PBXFileReference; lastKnownFileType = file.xib; path = ResetPasswordViewController.xib; sourceTree = "<group>"; };
		9EC2E4CFD21A32513028BA9D /* Pods-SnapIt.debug.xcconfig */ = {isa = PBXFileReference; includeInIndex = 1; lastKnownFileType = text.xcconfig; name = "Pods-SnapIt.debug.xcconfig"; path = "Target Support Files/Pods-SnapIt/Pods-SnapIt.debug.xcconfig"; sourceTree = "<group>"; };
		B5AEAAD792BAFE84223E4660 /* Pods-SnapIt.release.xcconfig */ = {isa = PBXFileReference; includeInIndex = 1; lastKnownFileType = text.xcconfig; name = "Pods-SnapIt.release.xcconfig"; path = "Target Support Files/Pods-SnapIt/Pods-SnapIt.release.xcconfig"; sourceTree = "<group>"; };
		C9C5BA79D523A0DABD9C9409 /* Pods-ERP.debug.xcconfig */ = {isa = PBXFileReference; includeInIndex = 1; lastKnownFileType = text.xcconfig; name = "Pods-ERP.debug.xcconfig"; path = "Target Support Files/Pods-ERP/Pods-ERP.debug.xcconfig"; sourceTree = "<group>"; };
/* End PBXFileReference section */

/* Begin PBXFrameworksBuildPhase section */
		5EAABDCB23D5CB4B00AA3720 /* Frameworks */ = {
			isa = PBXFrameworksBuildPhase;
			buildActionMask = 2147483647;
			files = (
				35C9973F7D3EC31F584F826E /* Pods_ERP.framework in Frameworks */,
			);
			runOnlyForDeploymentPostprocessing = 0;
		};
/* End PBXFrameworksBuildPhase section */

/* Begin PBXGroup section */
		5E3F863823F55D2A0044C587 /* Factories */ = {
			isa = PBXGroup;
			children = (
				5E3F863923F55D400044C587 /* AttributedTextFactory.swift */,
				5E3F865223FABFC30044C587 /* BarButtonItemsFactory.swift */,
				5E3F863B23F572050044C587 /* GradientFactory.swift */,
				5E3F865023FABFC30044C587 /* TabbarItemsFactory.swift */,
				5E3F864C23FABFC30044C587 /* CollectionViewLayoutsFactory.swift */,
			);
			path = Factories;
			sourceTree = "<group>";
		};
		5E3F863F23F6E9960044C587 /* AppearAnimations */ = {
			isa = PBXGroup;
			children = (
				5E3F864023F6E9AD0044C587 /* AppearAnimatable.swift */,
			);
			path = AppearAnimations;
			sourceTree = "<group>";
		};
		5E3F864223FAA85A0044C587 /* Tabbar */ = {
			isa = PBXGroup;
			children = (
				5E3F864523FAAE6B0044C587 /* TabbarController.swift */,
				5E3F864623FAAE6B0044C587 /* TabbarPresenter.swift */,
				5E3F864723FAAE6B0044C587 /* TabbarRouter.swift */,
			);
			path = Tabbar;
			sourceTree = "<group>";
		};
		5E4DF80023F43F8E001BA78F /* Resources */ = {
			isa = PBXGroup;
			children = (
				5E4DF80823F43F8E001BA78F /* Fonts */,
				5E4DF80123F43F8E001BA78F /* Colors.xcassets */,
				5E4DF80423F43F8E001BA78F /* Assets.xcassets */,
				5E4DF80523F43F8E001BA78F /* LaunchScreen.storyboard */,
				5E4DF80223F43F8E001BA78F /* Localizable.strings */,
				5E5094F823F442F7002456B5 /* Info.plist */,
			);
			path = Resources;
			sourceTree = "<group>";
		};
		5E4DF80823F43F8E001BA78F /* Fonts */ = {
			isa = PBXGroup;
			children = (
				5E9F6D2E23FAE9170062F3BE /* square-sans-serif-7.regular.ttf */,
				5EE4889F23FC21F0001170B1 /* ticking-timebomb-bb */,
				5E4DF80923F43F8E001BA78F /* Trend Sans One */,
				5E4DF80C23F43F8E001BA78F /* AvenirNextCyr */,
			);
			path = Fonts;
			sourceTree = "<group>";
		};
		5E4DF80923F43F8E001BA78F /* Trend Sans One */ = {
			isa = PBXGroup;
			children = (
				5E4DF80A23F43F8E001BA78F /* TrendSansOne-Italic.otf */,
				5E4DF80B23F43F8E001BA78F /* TrendSans-One.otf */,
			);
			path = "Trend Sans One";
			sourceTree = "<group>";
		};
		5E4DF80C23F43F8E001BA78F /* AvenirNextCyr */ = {
			isa = PBXGroup;
			children = (
				5E4DF80D23F43F8E001BA78F /* AvenirNextCyr-ThinItalic.ttf */,
				5E4DF80E23F43F8E001BA78F /* AvenirNextCyr-Regular.ttf */,
				5E4DF80F23F43F8E001BA78F /* AvenirNextCyr-BoldItalic.ttf */,
				5E4DF81023F43F8E001BA78F /* AvenirNextCyr-MediumItalic.ttf */,
				5E4DF81123F43F8E001BA78F /* AvenirNextCyr-Light.ttf */,
				5E4DF81223F43F8E001BA78F /* AvenirNextCyr-UltraLight.ttf */,
				5E4DF81323F43F8E001BA78F /* AvenirNextCyr-Medium.ttf */,
				5E4DF81423F43F8E001BA78F /* AvenirNextCyr-Heavy.ttf */,
				5E4DF81523F43F8E001BA78F /* AvenirNextCyr-LightItalic.ttf */,
				5E4DF81623F43F8E001BA78F /* AvenirNextCyr-HeavyItalic.ttf */,
				5E4DF81723F43F8E001BA78F /* AvenirNextCyr-Thin.ttf */,
				5E4DF81823F43F8E001BA78F /* AvenirNextCyr-Italic.ttf */,
				5E4DF81923F43F8E001BA78F /* AvenirNextCyr-Bold.ttf */,
				5E4DF81A23F43F8E001BA78F /* AvenirNextCyr-UltraLightIt.ttf */,
				5E4DF81B23F43F8E001BA78F /* AvenirNextCyr-DemiItalic.ttf */,
				5E4DF81C23F43F8E001BA78F /* AvenirNextCyr-Demi.ttf */,
			);
			path = AvenirNextCyr;
			sourceTree = "<group>";
		};
		5E9F6D2223FACB720062F3BE /* AppRouter */ = {
			isa = PBXGroup;
			children = (
				5EEA7ACC23D8816200B4C73A /* AppRouter.swift */,
				5E9F6D2323FACB890062F3BE /* AppRouterManageble.swift */,
			);
			path = AppRouter;
			sourceTree = "<group>";
		};
		5E9F6D2523FAD50B0062F3BE /* Home */ = {
			isa = PBXGroup;
			children = (
				5EE488A423FC3429001170B1 /* DataSource */,
				5E9F6D3023FBF0400062F3BE /* Cells */,
				5E9F6D2623FAD5AF0062F3BE /* HomePresenter.swift */,
				5E9F6D2723FAD5AF0062F3BE /* HomeRouter.swift */,
				5E9F6D2823FAD5AF0062F3BE /* HomeViewController.swift */,
				5E9F6D2923FAD5AF0062F3BE /* HomeViewController.xib */,
			);
			path = Home;
			sourceTree = "<group>";
		};
		5E9F6D3023FBF0400062F3BE /* Cells */ = {
			isa = PBXGroup;
			children = (
				5E9F6D3E23FBF10E0062F3BE /* MonthStatisticsCell */,
				5E9F6D3D23FBF1040062F3BE /* TodayStatisticsCell */,
				5E9F6D3C23FBF0E30062F3BE /* TimeSheetsCell */,
				5E9F6D3B23FBF0A60062F3BE /* FinancesCell */,
				5E9F6D3623FBF0750062F3BE /* ProjectsCell */,
				5E9F6D3123FBF0470062F3BE /* TimerCell */,
			);
			path = Cells;
			sourceTree = "<group>";
		};
		5E9F6D3123FBF0470062F3BE /* TimerCell */ = {
			isa = PBXGroup;
			children = (
				5E9F6D3223FBF0650062F3BE /* TimerCell.swift */,
				5E9F6D3323FBF0650062F3BE /* TimerCell.xib */,
			);
			path = TimerCell;
			sourceTree = "<group>";
		};
		5E9F6D3623FBF0750062F3BE /* ProjectsCell */ = {
			isa = PBXGroup;
			children = (
				5E9F6D3723FBF0930062F3BE /* ProjectsCell.swift */,
				5E9F6D3823FBF0930062F3BE /* ProjectsCell.xib */,
			);
			path = ProjectsCell;
			sourceTree = "<group>";
		};
		5E9F6D3B23FBF0A60062F3BE /* FinancesCell */ = {
			isa = PBXGroup;
			children = (
			);
			path = FinancesCell;
			sourceTree = "<group>";
		};
		5E9F6D3C23FBF0E30062F3BE /* TimeSheetsCell */ = {
			isa = PBXGroup;
			children = (
			);
			path = TimeSheetsCell;
			sourceTree = "<group>";
		};
		5E9F6D3D23FBF1040062F3BE /* TodayStatisticsCell */ = {
			isa = PBXGroup;
			children = (
			);
			path = TodayStatisticsCell;
			sourceTree = "<group>";
		};
		5E9F6D3E23FBF10E0062F3BE /* MonthStatisticsCell */ = {
			isa = PBXGroup;
			children = (
			);
			path = MonthStatisticsCell;
			sourceTree = "<group>";
		};
		5EAABDC523D5CB4B00AA3720 = {
			isa = PBXGroup;
			children = (
				5EAABDD023D5CB4B00AA3720 /* SnapIt */,
				5EAABDCF23D5CB4B00AA3720 /* Products */,
				D57C4F3523A3B3FF0F488559 /* Pods */,
				7EC023BA774D6C30BDCE9453 /* Frameworks */,
			);
			sourceTree = "<group>";
		};
		5EAABDCF23D5CB4B00AA3720 /* Products */ = {
			isa = PBXGroup;
			children = (
				5EAABDCE23D5CB4B00AA3720 /* TAS ERP.app */,
			);
			name = Products;
			sourceTree = "<group>";
		};
		5EAABDD023D5CB4B00AA3720 /* SnapIt */ = {
			isa = PBXGroup;
			children = (
				5EAABDF123D5D39400AA3720 /* Core */,
				5EAABDF423D5D3AD00AA3720 /* Common */,
				5EAABDF323D5D3A300AA3720 /* DataModels */,
				5EAABDF223D5D39A00AA3720 /* CustomUI */,
				5EAABDEE23D5D37500AA3720 /* Flow */,
				5EAABDE723D5D2F400AA3720 /* Misc */,
				5EAABDEF23D5D37900AA3720 /* Generated */,
				5E4DF80023F43F8E001BA78F /* Resources */,
			);
			path = SnapIt;
			sourceTree = "<group>";
		};
		5EAABDE623D5D2E400AA3720 /* AppDelegate */ = {
			isa = PBXGroup;
			children = (
				5E9F6D2223FACB720062F3BE /* AppRouter */,
				5EAABDD123D5CB4B00AA3720 /* AppDelegate.swift */,
			);
			path = AppDelegate;
			sourceTree = "<group>";
		};
		5EAABDE723D5D2F400AA3720 /* Misc */ = {
			isa = PBXGroup;
			children = (
				5EEA7AD023D8889D00B4C73A /* Helpers */,
				5EAABDE923D5D32100AA3720 /* Extensions */,
				5EAABDE823D5D31B00AA3720 /* Protocols */,
				5EAABDEA23D5D34500AA3720 /* API.swift */,
				5EAABDEC23D5D35B00AA3720 /* Constants.swift */,
			);
			path = Misc;
			sourceTree = "<group>";
		};
		5EAABDE823D5D31B00AA3720 /* Protocols */ = {
			isa = PBXGroup;
			children = (
				5E3F863F23F6E9960044C587 /* AppearAnimations */,
				5EEA7AEC23D8A1F400B4C73A /* Routers */,
				5EAABE2A23D60B8C00AA3720 /* Cells */,
				5EEA7AF223D8A1F400B4C73A /* Identifiable.swift */,
				5EEA7AEB23D8A1F400B4C73A /* ViewLifecycle.swift */,
			);
			path = Protocols;
			sourceTree = "<group>";
		};
		5EAABDE923D5D32100AA3720 /* Extensions */ = {
			isa = PBXGroup;
			children = (
				5EAABE1923D609F200AA3720 /* Date+StringDescription */,
				5EAABE1B23D609F200AA3720 /* String */,
				5EAABE1723D609F200AA3720 /* UIBarButtonItem */,
				5EAABE1523D609F200AA3720 /* UIButton */,
				5EAABE0A23D609F200AA3720 /* UIStackView */,
				5EAABE0E23D609F200AA3720 /* UIViewController */,
				5EAABE0C23D609F200AA3720 /* UIWindow */,
				5EAABE1023D609F200AA3720 /* View */,
			);
			path = Extensions;
			sourceTree = "<group>";
		};
		5EAABDEE23D5D37500AA3720 /* Flow */ = {
			isa = PBXGroup;
			children = (
				5E9F6D2523FAD50B0062F3BE /* Home */,
				5E3F864223FAA85A0044C587 /* Tabbar */,
				5EEA7B0323D9A5AA00B4C73A /* ResetPassword */,
				5EEA7AD923D8A00E00B4C73A /* Login */,
				5EAABDF723D5E82A00AA3720 /* Splash */,
			);
			path = Flow;
			sourceTree = "<group>";
		};
		5EAABDEF23D5D37900AA3720 /* Generated */ = {
			isa = PBXGroup;
			children = (
				5EAABE0523D6088D00AA3720 /* Assets.swift */,
				5EAABE0623D6088D00AA3720 /* Fonts.swift */,
				5EAABE0423D6088D00AA3720 /* Localization.swift */,
			);
			path = Generated;
			sourceTree = "<group>";
		};
		5EAABDF123D5D39400AA3720 /* Core */ = {
			isa = PBXGroup;
			children = (
				5EEA7A9823D8814900B4C73A /* Module */,
				5EEA7A5723D8814800B4C73A /* Networking */,
				5EEA7A8A23D8814900B4C73A /* Services */,
				5EAABDE623D5D2E400AA3720 /* AppDelegate */,
			);
			path = Core;
			sourceTree = "<group>";
		};
		5EAABDF223D5D39A00AA3720 /* CustomUI */ = {
			isa = PBXGroup;
			children = (
				5E3F864323FAAC950044C587 /* NavigationController.swift */,
			);
			path = CustomUI;
			sourceTree = "<group>";
		};
		5EAABDF323D5D3A300AA3720 /* DataModels */ = {
			isa = PBXGroup;
			children = (
				5EAABDF623D5D3C800AA3720 /* Models */,
				5EAABDF523D5D3C100AA3720 /* Types */,
			);
			path = DataModels;
			sourceTree = "<group>";
		};
		5EAABDF423D5D3AD00AA3720 /* Common */ = {
			isa = PBXGroup;
			children = (
				5E3F863823F55D2A0044C587 /* Factories */,
			);
			path = Common;
			sourceTree = "<group>";
		};
		5EAABDF523D5D3C100AA3720 /* Types */ = {
			isa = PBXGroup;
			children = (
				5EEA7AFA23D8A59900B4C73A /* ValidatedStrings */,
			);
			path = Types;
			sourceTree = "<group>";
		};
		5EAABDF623D5D3C800AA3720 /* Models */ = {
			isa = PBXGroup;
			children = (
				5EEA7AD723D8895600B4C73A /* Token.swift */,
			);
			path = Models;
			sourceTree = "<group>";
		};
		5EAABDF723D5E82A00AA3720 /* Splash */ = {
			isa = PBXGroup;
			children = (
				5EAABDF823D5E84000AA3720 /* SplashPresenter.swift */,
				5EAABDF923D5E84000AA3720 /* SplashRouter.swift */,
				5EAABDFA23D5E84000AA3720 /* SplashViewController.swift */,
				5EAABDFB23D5E84000AA3720 /* SplashViewController.xib */,
			);
			path = Splash;
			sourceTree = "<group>";
		};
		5EAABE0A23D609F200AA3720 /* UIStackView */ = {
			isa = PBXGroup;
			children = (
				5EAABE0B23D609F200AA3720 /* UIStackView+ContentPositioning.swift */,
			);
			path = UIStackView;
			sourceTree = "<group>";
		};
		5EAABE0C23D609F200AA3720 /* UIWindow */ = {
			isa = PBXGroup;
			children = (
				5EAABE0D23D609F200AA3720 /* UIWindow+Transitions.swift */,
			);
			path = UIWindow;
			sourceTree = "<group>";
		};
		5EAABE0E23D609F200AA3720 /* UIViewController */ = {
			isa = PBXGroup;
			children = (
				5EAABE0F23D609F200AA3720 /* UIViewController+ContentInserting.swift */,
			);
			path = UIViewController;
			sourceTree = "<group>";
		};
		5EAABE1023D609F200AA3720 /* View */ = {
			isa = PBXGroup;
			children = (
				5EAABE1223D609F200AA3720 /* UIView+Animations.swift */,
				5EAABE1323D609F200AA3720 /* UIView+Utils.swift */,
				5EAABE1423D609F200AA3720 /* UIView+IBDesignable.swift */,
			);
			path = View;
			sourceTree = "<group>";
		};
		5EAABE1523D609F200AA3720 /* UIButton */ = {
			isa = PBXGroup;
			children = (
				5EAABE1623D609F200AA3720 /* UIButton+Disable.swift */,
			);
			path = UIButton;
			sourceTree = "<group>";
		};
		5EAABE1723D609F200AA3720 /* UIBarButtonItem */ = {
			isa = PBXGroup;
			children = (
				5EAABE1823D609F200AA3720 /* UIBarButtonItem+Initialization.swift */,
			);
			path = UIBarButtonItem;
			sourceTree = "<group>";
		};
		5EAABE1923D609F200AA3720 /* Date+StringDescription */ = {
			isa = PBXGroup;
			children = (
				5EAABE1A23D609F200AA3720 /* Date+StringDescription.swift */,
			);
			path = "Date+StringDescription";
			sourceTree = "<group>";
		};
		5EAABE1B23D609F200AA3720 /* String */ = {
			isa = PBXGroup;
			children = (
				5EAABE1C23D609F200AA3720 /* String+Localization.swift */,
				5EAABE1D23D609F200AA3720 /* ValidatedString.swift */,
			);
			path = String;
			sourceTree = "<group>";
		};
		5EAABE2A23D60B8C00AA3720 /* Cells */ = {
			isa = PBXGroup;
			children = (
				5EAABE2B23D60B8C00AA3720 /* ListViewInteracting.swift */,
				5EAABE2C23D60B8C00AA3720 /* Selectable.swift */,
				5EAABE2D23D60B8C00AA3720 /* ConfigurableCell.swift */,
				5EAABE2E23D60B8C00AA3720 /* ReusableCell.swift */,
				5EAABE2F23D60B8C00AA3720 /* Activatable.swift */,
			);
			path = Cells;
			sourceTree = "<group>";
		};
		5EE4889F23FC21F0001170B1 /* ticking-timebomb-bb */ = {
			isa = PBXGroup;
			children = (
				5EE488A023FC21F0001170B1 /* TickingTimebombBB_ital.ttf */,
				5EE488A123FC21F0001170B1 /* TickingTimebombBB.ttf */,
			);
			path = "ticking-timebomb-bb";
			sourceTree = "<group>";
		};
		5EE488A423FC3429001170B1 /* DataSource */ = {
			isa = PBXGroup;
			children = (
				5EE488A723FC40D0001170B1 /* HomepageDatasource.swift */,
			);
			path = DataSource;
			sourceTree = "<group>";
		};
		5EEA7A5723D8814800B4C73A /* Networking */ = {
			isa = PBXGroup;
			children = (
				5EEA7A5823D8814800B4C73A /* Core */,
				5EEA7A6023D8814800B4C73A /* BackendError.swift */,
				5EEA7A6123D8814800B4C73A /* Requests */,
			);
			path = Networking;
			sourceTree = "<group>";
		};
		5EEA7A5823D8814800B4C73A /* Core */ = {
			isa = PBXGroup;
			children = (
				5EEA7A5923D8814800B4C73A /* NetworkService.swift */,
				5EEA7A5A23D8814800B4C73A /* AuthorizedNetworkingService.swift */,
				5EEA7A5B23D8814800B4C73A /* Protocols */,
			);
			path = Core;
			sourceTree = "<group>";
		};
		5EEA7A5B23D8814800B4C73A /* Protocols */ = {
			isa = PBXGroup;
			children = (
				5EEA7A5C23D8814800B4C73A /* APIError.swift */,
				5EEA7A5D23D8814800B4C73A /* APIRequestProtocol.swift */,
				5EEA7A5E23D8814800B4C73A /* APIResponseProtocol.swift */,
				5EEA7A5F23D8814800B4C73A /* APIErrorParsing.swift */,
				5EBBF35723E8608D0051C757 /* WebSocketMessageProtocol.swift */,
			);
			path = Protocols;
			sourceTree = "<group>";
		};
		5EEA7A6123D8814800B4C73A /* Requests */ = {
			isa = PBXGroup;
			children = (
				5EEA7A7823D8814900B4C73A /* Authorization */,
			);
			path = Requests;
			sourceTree = "<group>";
		};
		5EEA7A7823D8814900B4C73A /* Authorization */ = {
			isa = PBXGroup;
			children = (
				5EEA7A7923D8814900B4C73A /* RefreshToken */,
				5EEA7A8423D8814900B4C73A /* Login */,
			);
			path = Authorization;
			sourceTree = "<group>";
		};
		5EEA7A7923D8814900B4C73A /* RefreshToken */ = {
			isa = PBXGroup;
			children = (
				5EEA7A7A23D8814900B4C73A /* RefreshTokenRequest.swift */,
				5EEA7A7B23D8814900B4C73A /* RefreshTokenResponse.swift */,
			);
			path = RefreshToken;
			sourceTree = "<group>";
		};
		5EEA7A8423D8814900B4C73A /* Login */ = {
			isa = PBXGroup;
			children = (
				5EEA7A8523D8814900B4C73A /* LoginRequest.swift */,
				5EEA7A8623D8814900B4C73A /* LoginResponse.swift */,
			);
			path = Login;
			sourceTree = "<group>";
		};
		5EEA7A8A23D8814900B4C73A /* Services */ = {
			isa = PBXGroup;
			children = (
				5EEA7A8F23D8814900B4C73A /* ServicesFactory.swift */,
				5EEA7A8B23D8814900B4C73A /* AuthorizationStateRouter.swift */,
				5EEA7A8D23D8814900B4C73A /* APIErrorParser.swift */,
				5EEA7A8E23D8814900B4C73A /* UserDefaultsService.swift */,
				5EEA7A9023D8814900B4C73A /* KeychainService.swift */,
				5EEA7A9623D8814900B4C73A /* AuthorizationService.swift */,
				5EEA7A9723D8814900B4C73A /* TokenProvider.swift */,
				5EBBF35523E860210051C757 /* SocketService.swift */,
				5EE488A523FC3448001170B1 /* HomepageService.swift */,
			);
			path = Services;
			sourceTree = "<group>";
		};
		5EEA7A9823D8814900B4C73A /* Module */ = {
			isa = PBXGroup;
			children = (
				5EEA7A9923D8814900B4C73A /* ModulesFactory.swift */,
				5EEA7A9A23D8814900B4C73A /* Module.swift */,
			);
			path = Module;
			sourceTree = "<group>";
		};
		5EEA7AD023D8889D00B4C73A /* Helpers */ = {
			isa = PBXGroup;
			children = (
				5EEA7AD123D8889D00B4C73A /* HTTPStatusCodes.swift */,
				5EEA7AD323D8889D00B4C73A /* MappableTransforms.swift */,
			);
			path = Helpers;
			sourceTree = "<group>";
		};
		5EEA7AD923D8A00E00B4C73A /* Login */ = {
			isa = PBXGroup;
			children = (
				5EEA7ADB23D8A08300B4C73A /* Failure */,
				5EEA7AE223D8A08300B4C73A /* LoginPresenter.swift */,
				5EEA7AE023D8A08300B4C73A /* LoginRouter.swift */,
				5EEA7ADA23D8A08300B4C73A /* LoginViewController.swift */,
				5EEA7AE123D8A08300B4C73A /* LoginViewController.xib */,
			);
			path = Login;
			sourceTree = "<group>";
		};
		5EEA7ADB23D8A08300B4C73A /* Failure */ = {
			isa = PBXGroup;
			children = (
				5EEA7ADC23D8A08300B4C73A /* LoginFailurePresenter.swift */,
				5EEA7ADF23D8A08300B4C73A /* LoginFailureRouter.swift */,
				5EEA7ADD23D8A08300B4C73A /* LoginFailureViewController.swift */,
				5EEA7ADE23D8A08300B4C73A /* LoginFailureViewController.xib */,
			);
			path = Failure;
			sourceTree = "<group>";
		};
		5EEA7AEC23D8A1F400B4C73A /* Routers */ = {
			isa = PBXGroup;
			children = (
				5EEA7AEF23D8A1F400B4C73A /* LinkOpenable.swift */,
				5EEA7AF023D8A1F400B4C73A /* ClosableRouter.swift */,
				5E3F863D23F595D20044C587 /* LogoutRouter.swift */,
			);
			path = Routers;
			sourceTree = "<group>";
		};
		5EEA7AFA23D8A59900B4C73A /* ValidatedStrings */ = {
			isa = PBXGroup;
			children = (
				5EEA7AFB23D8A59900B4C73A /* Password */,
				5EEA7AFD23D8A59900B4C73A /* Email */,
			);
			path = ValidatedStrings;
			sourceTree = "<group>";
		};
		5EEA7AFB23D8A59900B4C73A /* Password */ = {
			isa = PBXGroup;
			children = (
				5EEA7AFC23D8A59900B4C73A /* Password.swift */,
			);
			path = Password;
			sourceTree = "<group>";
		};
		5EEA7AFD23D8A59900B4C73A /* Email */ = {
			isa = PBXGroup;
			children = (
				5EEA7AFE23D8A59900B4C73A /* Email.swift */,
			);
			path = Email;
			sourceTree = "<group>";
		};
		5EEA7B0323D9A5AA00B4C73A /* ResetPassword */ = {
			isa = PBXGroup;
			children = (
				5EEA7B0423D9A5D000B4C73A /* ResetPasswordPresenter.swift */,
				5EEA7B0523D9A5D000B4C73A /* ResetPasswordRouter.swift */,
				5EEA7B0623D9A5D000B4C73A /* ResetPasswordViewController.swift */,
				5EEA7B0723D9A5D000B4C73A /* ResetPasswordViewController.xib */,
			);
			path = ResetPassword;
			sourceTree = "<group>";
		};
		7EC023BA774D6C30BDCE9453 /* Frameworks */ = {
			isa = PBXGroup;
			children = (
				10F066E21518448EF434745D /* Pods_ERP.framework */,
			);
			name = Frameworks;
			sourceTree = "<group>";
		};
		D57C4F3523A3B3FF0F488559 /* Pods */ = {
			isa = PBXGroup;
			children = (
				9EC2E4CFD21A32513028BA9D /* Pods-SnapIt.debug.xcconfig */,
				B5AEAAD792BAFE84223E4660 /* Pods-SnapIt.release.xcconfig */,
				C9C5BA79D523A0DABD9C9409 /* Pods-ERP.debug.xcconfig */,
				50AD35F28CA8BE09FE3E1058 /* Pods-ERP.release.xcconfig */,
			);
			path = Pods;
			sourceTree = "<group>";
		};
/* End PBXGroup section */

/* Begin PBXNativeTarget section */
		5EAABDCD23D5CB4B00AA3720 /* ERP */ = {
			isa = PBXNativeTarget;
			buildConfigurationList = 5EAABDE223D5CB4D00AA3720 /* Build configuration list for PBXNativeTarget "ERP" */;
			buildPhases = (
				929C02015616ACC9DF944228 /* [CP] Check Pods Manifest.lock */,
				5EAABDCA23D5CB4B00AA3720 /* Sources */,
				5EAABDCB23D5CB4B00AA3720 /* Frameworks */,
				5EAABDCC23D5CB4B00AA3720 /* Resources */,
				8F1FEBF472A41AF9653ACBDB /* [CP] Embed Pods Frameworks */,
				5E4DF7D023F43CB6001BA78F /* LINT */,
				5E4DF7D123F43CE2001BA78F /* SWIFTGEN */,
			);
			buildRules = (
			);
			dependencies = (
			);
			name = ERP;
			productName = SnapIt;
			productReference = 5EAABDCE23D5CB4B00AA3720 /* TAS ERP.app */;
			productType = "com.apple.product-type.application";
		};
/* End PBXNativeTarget section */

/* Begin PBXProject section */
		5EAABDC623D5CB4B00AA3720 /* Project object */ = {
			isa = PBXProject;
			attributes = {
				LastSwiftUpdateCheck = 1120;
				LastUpgradeCheck = 1120;
				ORGANIZATIONNAME = TAS;
				TargetAttributes = {
					5EAABDCD23D5CB4B00AA3720 = {
						CreatedOnToolsVersion = 11.2.1;
					};
				};
			};
			buildConfigurationList = 5EAABDC923D5CB4B00AA3720 /* Build configuration list for PBXProject "ERP" */;
			compatibilityVersion = "Xcode 9.3";
			developmentRegion = en;
			hasScannedForEncodings = 0;
			knownRegions = (
				en,
				Base,
			);
			mainGroup = 5EAABDC523D5CB4B00AA3720;
			productRefGroup = 5EAABDCF23D5CB4B00AA3720 /* Products */;
			projectDirPath = "";
			projectRoot = "";
			targets = (
				5EAABDCD23D5CB4B00AA3720 /* ERP */,
			);
		};
/* End PBXProject section */

/* Begin PBXResourcesBuildPhase section */
		5EAABDCC23D5CB4B00AA3720 /* Resources */ = {
			isa = PBXResourcesBuildPhase;
			buildActionMask = 2147483647;
			files = (
				5E4DF81E23F43F8E001BA78F /* Colors.xcassets in Resources */,
				5E9F6D3523FBF0650062F3BE /* TimerCell.xib in Resources */,
				5E4DF82223F43F8E001BA78F /* TrendSansOne-Italic.otf in Resources */,
				5E4DF82E23F43F8E001BA78F /* AvenirNextCyr-Thin.ttf in Resources */,
				5E4DF83023F43F8E001BA78F /* AvenirNextCyr-Bold.ttf in Resources */,
				5E4DF82F23F43F8E001BA78F /* AvenirNextCyr-Italic.ttf in Resources */,
				5E4DF82723F43F8E001BA78F /* AvenirNextCyr-MediumItalic.ttf in Resources */,
				5EE488A223FC21F0001170B1 /* TickingTimebombBB_ital.ttf in Resources */,
				5E4DF83123F43F8E001BA78F /* AvenirNextCyr-UltraLightIt.ttf in Resources */,
				5E4DF82B23F43F8E001BA78F /* AvenirNextCyr-Heavy.ttf in Resources */,
				5E4DF82C23F43F8E001BA78F /* AvenirNextCyr-LightItalic.ttf in Resources */,
				5E4DF82123F43F8E001BA78F /* LaunchScreen.storyboard in Resources */,
				5E4DF83223F43F8E001BA78F /* AvenirNextCyr-DemiItalic.ttf in Resources */,
				5EE488A323FC21F0001170B1 /* TickingTimebombBB.ttf in Resources */,
				5E4DF82A23F43F8E001BA78F /* AvenirNextCyr-Medium.ttf in Resources */,
				5E9F6D3A23FBF0930062F3BE /* ProjectsCell.xib in Resources */,
				5E9F6D2F23FAE9170062F3BE /* square-sans-serif-7.regular.ttf in Resources */,
				5E4DF83323F43F8E001BA78F /* AvenirNextCyr-Demi.ttf in Resources */,
				5E4DF82323F43F8E001BA78F /* TrendSans-One.otf in Resources */,
				5E4DF81F23F43F8E001BA78F /* Localizable.strings in Resources */,
				5E4DF82623F43F8E001BA78F /* AvenirNextCyr-BoldItalic.ttf in Resources */,
				5E4DF82923F43F8E001BA78F /* AvenirNextCyr-UltraLight.ttf in Resources */,
				5E9F6D2D23FAD5AF0062F3BE /* HomeViewController.xib in Resources */,
				5EEA7AE623D8A08300B4C73A /* LoginFailureViewController.xib in Resources */,
				5E4DF82523F43F8E001BA78F /* AvenirNextCyr-Regular.ttf in Resources */,
				5EEA7B0B23D9A5D000B4C73A /* ResetPasswordViewController.xib in Resources */,
				5E4DF82823F43F8E001BA78F /* AvenirNextCyr-Light.ttf in Resources */,
				5E4DF82D23F43F8E001BA78F /* AvenirNextCyr-HeavyItalic.ttf in Resources */,
				5E4DF82423F43F8E001BA78F /* AvenirNextCyr-ThinItalic.ttf in Resources */,
				5E4DF82023F43F8E001BA78F /* Assets.xcassets in Resources */,
				5EEA7AE923D8A08300B4C73A /* LoginViewController.xib in Resources */,
				5EAABDFF23D5E84000AA3720 /* SplashViewController.xib in Resources */,
			);
			runOnlyForDeploymentPostprocessing = 0;
		};
/* End PBXResourcesBuildPhase section */

/* Begin PBXShellScriptBuildPhase section */
		5E4DF7D023F43CB6001BA78F /* LINT */ = {
			isa = PBXShellScriptBuildPhase;
			buildActionMask = 2147483647;
			files = (
			);
			inputFileListPaths = (
			);
			inputPaths = (
			);
			name = LINT;
			outputFileListPaths = (
			);
			outputPaths = (
			);
			runOnlyForDeploymentPostprocessing = 0;
			shellPath = /bin/sh;
			shellScript = "${PODS_ROOT}/SwiftLint/swiftlint\n";
		};
		5E4DF7D123F43CE2001BA78F /* SWIFTGEN */ = {
			isa = PBXShellScriptBuildPhase;
			buildActionMask = 2147483647;
			files = (
			);
			inputFileListPaths = (
			);
			inputPaths = (
			);
			name = SWIFTGEN;
			outputFileListPaths = (
			);
			outputPaths = (
			);
			runOnlyForDeploymentPostprocessing = 0;
			shellPath = /bin/sh;
			shellScript = "${PODS_ROOT}/SwiftGen/bin/swiftgen\n";
		};
		8F1FEBF472A41AF9653ACBDB /* [CP] Embed Pods Frameworks */ = {
			isa = PBXShellScriptBuildPhase;
			buildActionMask = 2147483647;
			files = (
			);
			inputFileListPaths = (
				"${PODS_ROOT}/Target Support Files/Pods-ERP/Pods-ERP-frameworks-${CONFIGURATION}-input-files.xcfilelist",
			);
			name = "[CP] Embed Pods Frameworks";
			outputFileListPaths = (
				"${PODS_ROOT}/Target Support Files/Pods-ERP/Pods-ERP-frameworks-${CONFIGURATION}-output-files.xcfilelist",
			);
			runOnlyForDeploymentPostprocessing = 0;
			shellPath = /bin/sh;
			shellScript = "\"${PODS_ROOT}/Target Support Files/Pods-ERP/Pods-ERP-frameworks.sh\"\n";
			showEnvVarsInLog = 0;
		};
		929C02015616ACC9DF944228 /* [CP] Check Pods Manifest.lock */ = {
			isa = PBXShellScriptBuildPhase;
			buildActionMask = 2147483647;
			files = (
			);
			inputFileListPaths = (
			);
			inputPaths = (
				"${PODS_PODFILE_DIR_PATH}/Podfile.lock",
				"${PODS_ROOT}/Manifest.lock",
			);
			name = "[CP] Check Pods Manifest.lock";
			outputFileListPaths = (
			);
			outputPaths = (
				"$(DERIVED_FILE_DIR)/Pods-ERP-checkManifestLockResult.txt",
			);
			runOnlyForDeploymentPostprocessing = 0;
			shellPath = /bin/sh;
			shellScript = "diff \"${PODS_PODFILE_DIR_PATH}/Podfile.lock\" \"${PODS_ROOT}/Manifest.lock\" > /dev/null\nif [ $? != 0 ] ; then\n    # print error to STDERR\n    echo \"error: The sandbox is not in sync with the Podfile.lock. Run 'pod install' or update your CocoaPods installation.\" >&2\n    exit 1\nfi\n# This output is used by Xcode 'outputs' to avoid re-running this script phase.\necho \"SUCCESS\" > \"${SCRIPT_OUTPUT_FILE_0}\"\n";
			showEnvVarsInLog = 0;
		};
/* End PBXShellScriptBuildPhase section */

/* Begin PBXSourcesBuildPhase section */
		5EAABDCA23D5CB4B00AA3720 /* Sources */ = {
			isa = PBXSourcesBuildPhase;
			buildActionMask = 2147483647;
			files = (
				5EAABDFD23D5E84000AA3720 /* SplashRouter.swift in Sources */,
				5E3F865323FABFC30044C587 /* CollectionViewLayoutsFactory.swift in Sources */,
				5EAABE3123D60B8C00AA3720 /* Selectable.swift in Sources */,
				5EAABE2423D609F200AA3720 /* UIView+IBDesignable.swift in Sources */,
				5EEA7AFF23D8A59900B4C73A /* Password.swift in Sources */,
				5EEA7A9F23D8814900B4C73A /* APIResponseProtocol.swift in Sources */,
				5EEA7AB323D8814900B4C73A /* RefreshTokenResponse.swift in Sources */,
				5EEA7AD423D8889D00B4C73A /* HTTPStatusCodes.swift in Sources */,
				5EAABE2223D609F200AA3720 /* UIView+Animations.swift in Sources */,
				5EBBF35823E8608D0051C757 /* WebSocketMessageProtocol.swift in Sources */,
				5EEA7AC123D8814900B4C73A /* ServicesFactory.swift in Sources */,
				5EEA7ABD23D8814900B4C73A /* AuthorizationStateRouter.swift in Sources */,
				5EEA7AA023D8814900B4C73A /* APIErrorParsing.swift in Sources */,
				5E9F6D3423FBF0650062F3BE /* TimerCell.swift in Sources */,
				5EAABE1F23D609F200AA3720 /* UIWindow+Transitions.swift in Sources */,
				5EEA7AC023D8814900B4C73A /* UserDefaultsService.swift in Sources */,
				5EAABDEB23D5D34500AA3720 /* API.swift in Sources */,
				5EEA7ABF23D8814900B4C73A /* APIErrorParser.swift in Sources */,
				5EAABE2723D609F200AA3720 /* Date+StringDescription.swift in Sources */,
				5E3F865523FABFC30044C587 /* TabbarItemsFactory.swift in Sources */,
				5EAABE0823D6088D00AA3720 /* Assets.swift in Sources */,
				5E3F864123F6E9AD0044C587 /* AppearAnimatable.swift in Sources */,
				5E3F863C23F572050044C587 /* GradientFactory.swift in Sources */,
				5EAABE3323D60B8C00AA3720 /* ReusableCell.swift in Sources */,
				5EEA7B0A23D9A5D000B4C73A /* ResetPasswordViewController.swift in Sources */,
				5EAABE2023D609F200AA3720 /* UIViewController+ContentInserting.swift in Sources */,
				5EAABE2323D609F200AA3720 /* UIView+Utils.swift in Sources */,
				5EAABE0723D6088D00AA3720 /* Localization.swift in Sources */,
				5E3F864823FAAE6B0044C587 /* TabbarController.swift in Sources */,
				5EAABDD223D5CB4B00AA3720 /* AppDelegate.swift in Sources */,
				5EEA7AF623D8A1F500B4C73A /* LinkOpenable.swift in Sources */,
				5EEA7B0023D8A59900B4C73A /* Email.swift in Sources */,
				5EEA7A9D23D8814900B4C73A /* APIError.swift in Sources */,
				5EEA7AC223D8814900B4C73A /* KeychainService.swift in Sources */,
				5EEA7AE323D8A08300B4C73A /* LoginViewController.swift in Sources */,
				5EAABE3223D60B8C00AA3720 /* ConfigurableCell.swift in Sources */,
				5EAABE2523D609F200AA3720 /* UIButton+Disable.swift in Sources */,
				5EEA7ACA23D8814900B4C73A /* ModulesFactory.swift in Sources */,
				5EAABDFE23D5E84000AA3720 /* SplashViewController.swift in Sources */,
				5EEA7ACB23D8814900B4C73A /* Module.swift in Sources */,
				5EAABE3023D60B8C00AA3720 /* ListViewInteracting.swift in Sources */,
				5EAABDED23D5D35B00AA3720 /* Constants.swift in Sources */,
				5E9F6D2C23FAD5AF0062F3BE /* HomeViewController.swift in Sources */,
				5EAABE0923D6088D00AA3720 /* Fonts.swift in Sources */,
				5E3F864923FAAE6B0044C587 /* TabbarPresenter.swift in Sources */,
				5EAABE3423D60B8C00AA3720 /* Activatable.swift in Sources */,
				5E9F6D3923FBF0930062F3BE /* ProjectsCell.swift in Sources */,
				5EEA7AF323D8A1F500B4C73A /* ViewLifecycle.swift in Sources */,
				5EAABE2923D609F200AA3720 /* ValidatedString.swift in Sources */,
				5EAABDFC23D5E84000AA3720 /* SplashPresenter.swift in Sources */,
				5EEA7ABA23D8814900B4C73A /* LoginResponse.swift in Sources */,
				5E3F864423FAAC950044C587 /* NavigationController.swift in Sources */,
				5EEA7AC923D8814900B4C73A /* TokenProvider.swift in Sources */,
				5EEA7A9E23D8814900B4C73A /* APIRequestProtocol.swift in Sources */,
				5EEA7AE523D8A08300B4C73A /* LoginFailureViewController.swift in Sources */,
				5EEA7AF923D8A1F500B4C73A /* Identifiable.swift in Sources */,
				5E3F863E23F595D20044C587 /* LogoutRouter.swift in Sources */,
				5EAABE2623D609F200AA3720 /* UIBarButtonItem+Initialization.swift in Sources */,
				5EEA7AEA23D8A08300B4C73A /* LoginPresenter.swift in Sources */,
				5EEA7AC823D8814900B4C73A /* AuthorizationService.swift in Sources */,
				5E9F6D2423FACB890062F3BE /* AppRouterManageble.swift in Sources */,
				5EE488A823FC40D0001170B1 /* HomepageDatasource.swift in Sources */,
				5EEA7AF723D8A1F500B4C73A /* ClosableRouter.swift in Sources */,
				5EEA7AB923D8814900B4C73A /* LoginRequest.swift in Sources */,
				5EEA7A9C23D8814900B4C73A /* AuthorizedNetworkingService.swift in Sources */,
				5E3F865623FABFC30044C587 /* BarButtonItemsFactory.swift in Sources */,
				5EEA7ACE23D8816200B4C73A /* AppRouter.swift in Sources */,
				5EEA7AB223D8814900B4C73A /* RefreshTokenRequest.swift in Sources */,
				5E3F863A23F55D400044C587 /* AttributedTextFactory.swift in Sources */,
				5EEA7AE723D8A08300B4C73A /* LoginFailureRouter.swift in Sources */,
				5E3F864A23FAAE6B0044C587 /* TabbarRouter.swift in Sources */,
				5EAABE1E23D609F200AA3720 /* UIStackView+ContentPositioning.swift in Sources */,
				5EBBF35623E860210051C757 /* SocketService.swift in Sources */,
				5E9F6D2B23FAD5AF0062F3BE /* HomeRouter.swift in Sources */,
				5EEA7A9B23D8814900B4C73A /* NetworkService.swift in Sources */,
				5EEA7AD823D8895600B4C73A /* Token.swift in Sources */,
				5EE488A623FC3448001170B1 /* HomepageService.swift in Sources */,
				5EAABE2823D609F200AA3720 /* String+Localization.swift in Sources */,
				5E9F6D2A23FAD5AF0062F3BE /* HomePresenter.swift in Sources */,
				5EEA7AD623D8889D00B4C73A /* MappableTransforms.swift in Sources */,
				5EEA7AA123D8814900B4C73A /* BackendError.swift in Sources */,
				5EEA7B0923D9A5D000B4C73A /* ResetPasswordRouter.swift in Sources */,
				5EEA7AE823D8A08300B4C73A /* LoginRouter.swift in Sources */,
				5EEA7AE423D8A08300B4C73A /* LoginFailurePresenter.swift in Sources */,
				5EEA7B0823D9A5D000B4C73A /* ResetPasswordPresenter.swift in Sources */,
			);
			runOnlyForDeploymentPostprocessing = 0;
		};
/* End PBXSourcesBuildPhase section */

/* Begin PBXVariantGroup section */
		5E4DF80223F43F8E001BA78F /* Localizable.strings */ = {
			isa = PBXVariantGroup;
			children = (
				5E4DF80323F43F8E001BA78F /* en */,
				5E4DF80723F43F8E001BA78F /* Base */,
			);
			name = Localizable.strings;
			sourceTree = "<group>";
		};
		5E4DF80523F43F8E001BA78F /* LaunchScreen.storyboard */ = {
			isa = PBXVariantGroup;
			children = (
				5E4DF80623F43F8E001BA78F /* Base */,
			);
			name = LaunchScreen.storyboard;
			sourceTree = "<group>";
		};
/* End PBXVariantGroup section */

/* Begin XCBuildConfiguration section */
		5EAABDE023D5CB4D00AA3720 /* Debug */ = {
			isa = XCBuildConfiguration;
			buildSettings = {
				ALWAYS_SEARCH_USER_PATHS = NO;
				CLANG_ANALYZER_NONNULL = YES;
				CLANG_ANALYZER_NUMBER_OBJECT_CONVERSION = YES_AGGRESSIVE;
				CLANG_CXX_LANGUAGE_STANDARD = "gnu++14";
				CLANG_CXX_LIBRARY = "libc++";
				CLANG_ENABLE_MODULES = YES;
				CLANG_ENABLE_OBJC_ARC = YES;
				CLANG_ENABLE_OBJC_WEAK = YES;
				CLANG_WARN_BLOCK_CAPTURE_AUTORELEASING = YES;
				CLANG_WARN_BOOL_CONVERSION = YES;
				CLANG_WARN_COMMA = YES;
				CLANG_WARN_CONSTANT_CONVERSION = YES;
				CLANG_WARN_DEPRECATED_OBJC_IMPLEMENTATIONS = YES;
				CLANG_WARN_DIRECT_OBJC_ISA_USAGE = YES_ERROR;
				CLANG_WARN_DOCUMENTATION_COMMENTS = YES;
				CLANG_WARN_EMPTY_BODY = YES;
				CLANG_WARN_ENUM_CONVERSION = YES;
				CLANG_WARN_INFINITE_RECURSION = YES;
				CLANG_WARN_INT_CONVERSION = YES;
				CLANG_WARN_NON_LITERAL_NULL_CONVERSION = YES;
				CLANG_WARN_OBJC_IMPLICIT_RETAIN_SELF = YES;
				CLANG_WARN_OBJC_LITERAL_CONVERSION = YES;
				CLANG_WARN_OBJC_ROOT_CLASS = YES_ERROR;
				CLANG_WARN_RANGE_LOOP_ANALYSIS = YES;
				CLANG_WARN_STRICT_PROTOTYPES = YES;
				CLANG_WARN_SUSPICIOUS_MOVE = YES;
				CLANG_WARN_UNGUARDED_AVAILABILITY = YES_AGGRESSIVE;
				CLANG_WARN_UNREACHABLE_CODE = YES;
				CLANG_WARN__DUPLICATE_METHOD_MATCH = YES;
				COPY_PHASE_STRIP = NO;
				DEBUG_INFORMATION_FORMAT = dwarf;
				ENABLE_STRICT_OBJC_MSGSEND = YES;
				ENABLE_TESTABILITY = YES;
				GCC_C_LANGUAGE_STANDARD = gnu11;
				GCC_DYNAMIC_NO_PIC = NO;
				GCC_NO_COMMON_BLOCKS = YES;
				GCC_OPTIMIZATION_LEVEL = 0;
				GCC_PREPROCESSOR_DEFINITIONS = (
					"DEBUG=1",
					"$(inherited)",
				);
				GCC_WARN_64_TO_32_BIT_CONVERSION = YES;
				GCC_WARN_ABOUT_RETURN_TYPE = YES_ERROR;
				GCC_WARN_UNDECLARED_SELECTOR = YES;
				GCC_WARN_UNINITIALIZED_AUTOS = YES_AGGRESSIVE;
				GCC_WARN_UNUSED_FUNCTION = YES;
				GCC_WARN_UNUSED_VARIABLE = YES;
				IPHONEOS_DEPLOYMENT_TARGET = 11.0;
				MTL_ENABLE_DEBUG_INFO = INCLUDE_SOURCE;
				MTL_FAST_MATH = YES;
				ONLY_ACTIVE_ARCH = YES;
				SDKROOT = iphoneos;
				SWIFT_ACTIVE_COMPILATION_CONDITIONS = DEBUG;
				SWIFT_OPTIMIZATION_LEVEL = "-Onone";
			};
			name = Debug;
		};
		5EAABDE123D5CB4D00AA3720 /* Release */ = {
			isa = XCBuildConfiguration;
			buildSettings = {
				ALWAYS_SEARCH_USER_PATHS = NO;
				CLANG_ANALYZER_NONNULL = YES;
				CLANG_ANALYZER_NUMBER_OBJECT_CONVERSION = YES_AGGRESSIVE;
				CLANG_CXX_LANGUAGE_STANDARD = "gnu++14";
				CLANG_CXX_LIBRARY = "libc++";
				CLANG_ENABLE_MODULES = YES;
				CLANG_ENABLE_OBJC_ARC = YES;
				CLANG_ENABLE_OBJC_WEAK = YES;
				CLANG_WARN_BLOCK_CAPTURE_AUTORELEASING = YES;
				CLANG_WARN_BOOL_CONVERSION = YES;
				CLANG_WARN_COMMA = YES;
				CLANG_WARN_CONSTANT_CONVERSION = YES;
				CLANG_WARN_DEPRECATED_OBJC_IMPLEMENTATIONS = YES;
				CLANG_WARN_DIRECT_OBJC_ISA_USAGE = YES_ERROR;
				CLANG_WARN_DOCUMENTATION_COMMENTS = YES;
				CLANG_WARN_EMPTY_BODY = YES;
				CLANG_WARN_ENUM_CONVERSION = YES;
				CLANG_WARN_INFINITE_RECURSION = YES;
				CLANG_WARN_INT_CONVERSION = YES;
				CLANG_WARN_NON_LITERAL_NULL_CONVERSION = YES;
				CLANG_WARN_OBJC_IMPLICIT_RETAIN_SELF = YES;
				CLANG_WARN_OBJC_LITERAL_CONVERSION = YES;
				CLANG_WARN_OBJC_ROOT_CLASS = YES_ERROR;
				CLANG_WARN_RANGE_LOOP_ANALYSIS = YES;
				CLANG_WARN_STRICT_PROTOTYPES = YES;
				CLANG_WARN_SUSPICIOUS_MOVE = YES;
				CLANG_WARN_UNGUARDED_AVAILABILITY = YES_AGGRESSIVE;
				CLANG_WARN_UNREACHABLE_CODE = YES;
				CLANG_WARN__DUPLICATE_METHOD_MATCH = YES;
				COPY_PHASE_STRIP = NO;
				DEBUG_INFORMATION_FORMAT = "dwarf-with-dsym";
				ENABLE_NS_ASSERTIONS = NO;
				ENABLE_STRICT_OBJC_MSGSEND = YES;
				GCC_C_LANGUAGE_STANDARD = gnu11;
				GCC_NO_COMMON_BLOCKS = YES;
				GCC_WARN_64_TO_32_BIT_CONVERSION = YES;
				GCC_WARN_ABOUT_RETURN_TYPE = YES_ERROR;
				GCC_WARN_UNDECLARED_SELECTOR = YES;
				GCC_WARN_UNINITIALIZED_AUTOS = YES_AGGRESSIVE;
				GCC_WARN_UNUSED_FUNCTION = YES;
				GCC_WARN_UNUSED_VARIABLE = YES;
				IPHONEOS_DEPLOYMENT_TARGET = 11.0;
				MTL_ENABLE_DEBUG_INFO = NO;
				MTL_FAST_MATH = YES;
				SDKROOT = iphoneos;
				SWIFT_COMPILATION_MODE = wholemodule;
				SWIFT_OPTIMIZATION_LEVEL = "-O";
				VALIDATE_PRODUCT = YES;
			};
			name = Release;
		};
		5EAABDE323D5CB4D00AA3720 /* Debug */ = {
			isa = XCBuildConfiguration;
			baseConfigurationReference = C9C5BA79D523A0DABD9C9409 /* Pods-ERP.debug.xcconfig */;
			buildSettings = {
				ASSETCATALOG_COMPILER_APPICON_NAME = AppIcon;
				CODE_SIGN_STYLE = Automatic;
				CURRENT_PROJECT_VERSION = 1;
				DEVELOPMENT_TEAM = XD87JXVS7A;
				ENABLE_PREVIEWS = YES;
				INFOPLIST_FILE = "$(SRCROOT)/SnapIt/Resources/Info.plist";
				IPHONEOS_DEPLOYMENT_TARGET = 11.0;
				LD_RUNPATH_SEARCH_PATHS = (
					"$(inherited)",
					"@executable_path/Frameworks",
				);
				MARKETING_VERSION = 1.0.0;
				PRODUCT_BUNDLE_IDENTIFIER = com.tas.erp;
				PRODUCT_NAME = "TAS ERP";
				SWIFT_VERSION = 5.0;
				TARGETED_DEVICE_FAMILY = "1,2";
			};
			name = Debug;
		};
		5EAABDE423D5CB4D00AA3720 /* Release */ = {
			isa = XCBuildConfiguration;
			baseConfigurationReference = 50AD35F28CA8BE09FE3E1058 /* Pods-ERP.release.xcconfig */;
			buildSettings = {
				ASSETCATALOG_COMPILER_APPICON_NAME = AppIcon;
				CODE_SIGN_STYLE = Automatic;
				CURRENT_PROJECT_VERSION = 1;
				DEVELOPMENT_TEAM = XD87JXVS7A;
				ENABLE_PREVIEWS = YES;
				INFOPLIST_FILE = "$(SRCROOT)/SnapIt/Resources/Info.plist";
				IPHONEOS_DEPLOYMENT_TARGET = 11.0;
				LD_RUNPATH_SEARCH_PATHS = (
					"$(inherited)",
					"@executable_path/Frameworks",
				);
				MARKETING_VERSION = 1.0.0;
				PRODUCT_BUNDLE_IDENTIFIER = com.tas.erp;
				PRODUCT_NAME = "TAS ERP";
				SWIFT_VERSION = 5.0;
				TARGETED_DEVICE_FAMILY = "1,2";
			};
			name = Release;
		};
/* End XCBuildConfiguration section */

/* Begin XCConfigurationList section */
		5EAABDC923D5CB4B00AA3720 /* Build configuration list for PBXProject "ERP" */ = {
			isa = XCConfigurationList;
			buildConfigurations = (
				5EAABDE023D5CB4D00AA3720 /* Debug */,
				5EAABDE123D5CB4D00AA3720 /* Release */,
			);
			defaultConfigurationIsVisible = 0;
			defaultConfigurationName = Release;
		};
		5EAABDE223D5CB4D00AA3720 /* Build configuration list for PBXNativeTarget "ERP" */ = {
			isa = XCConfigurationList;
			buildConfigurations = (
				5EAABDE323D5CB4D00AA3720 /* Debug */,
				5EAABDE423D5CB4D00AA3720 /* Release */,
			);
			defaultConfigurationIsVisible = 0;
			defaultConfigurationName = Release;
		};
/* End XCConfigurationList section */
	};
	rootObject = 5EAABDC623D5CB4B00AA3720 /* Project object */;
}
